// !$*UTF8*$!
{
	archiveVersion = 1;
	classes = {
	};
	objectVersion = 46;
	objects = {

/* Begin PBXBuildFile section */
		297C7D2D1C710A1D008E516B /* MigrationTests.swift in Sources */ = {isa = PBXBuildFile; fileRef = 297C7D2C1C710A1D008E516B /* MigrationTests.swift */; };
		298F00F71C9C559100AEC77E /* Migrate.swift in Sources */ = {isa = PBXBuildFile; fileRef = 298F00F61C9C559100AEC77E /* Migrate.swift */; };
		298F00F81C9C559100AEC77E /* Migrate.swift in Sources */ = {isa = PBXBuildFile; fileRef = 298F00F61C9C559100AEC77E /* Migrate.swift */; };
		298F00F91C9C559100AEC77E /* Migrate.swift in Sources */ = {isa = PBXBuildFile; fileRef = 298F00F61C9C559100AEC77E /* Migrate.swift */; };
		298F00FA1C9C559100AEC77E /* Migrate.swift in Sources */ = {isa = PBXBuildFile; fileRef = 298F00F61C9C559100AEC77E /* Migrate.swift */; };
		52351A0D1CD8AA2D0037010F /* Utils.swift in Sources */ = {isa = PBXBuildFile; fileRef = 883378C41CB187E500205B24 /* Utils.swift */; };
		52351A0E1CD8AA2D0037010F /* Utils.swift in Sources */ = {isa = PBXBuildFile; fileRef = 883378C41CB187E500205B24 /* Utils.swift */; };
		52351A0F1CD8AA2D0037010F /* Utils.swift in Sources */ = {isa = PBXBuildFile; fileRef = 883378C41CB187E500205B24 /* Utils.swift */; };
		881219C81B361EAF005E5AA7 /* JSQCoreDataKit.framework in Frameworks */ = {isa = PBXBuildFile; fileRef = 88002D4F1AB8F546001787DB /* JSQCoreDataKit.framework */; };
		883378C51CB187E500205B24 /* Utils.swift in Sources */ = {isa = PBXBuildFile; fileRef = 883378C41CB187E500205B24 /* Utils.swift */; };
		8852A0CD1D459048006538B9 /* CoreDataEntityProtocol.swift in Sources */ = {isa = PBXBuildFile; fileRef = 8852A0CC1D459048006538B9 /* CoreDataEntityProtocol.swift */; };
		8852A0CE1D459048006538B9 /* CoreDataEntityProtocol.swift in Sources */ = {isa = PBXBuildFile; fileRef = 8852A0CC1D459048006538B9 /* CoreDataEntityProtocol.swift */; };
		8852A0CF1D459048006538B9 /* CoreDataEntityProtocol.swift in Sources */ = {isa = PBXBuildFile; fileRef = 8852A0CC1D459048006538B9 /* CoreDataEntityProtocol.swift */; };
		8852A0D01D459048006538B9 /* CoreDataEntityProtocol.swift in Sources */ = {isa = PBXBuildFile; fileRef = 8852A0CC1D459048006538B9 /* CoreDataEntityProtocol.swift */; };
		8852A0D21D459249006538B9 /* CoreDataEntityProtocolTests.swift in Sources */ = {isa = PBXBuildFile; fileRef = 8852A0D11D459249006538B9 /* CoreDataEntityProtocolTests.swift */; };
		8873E2271C51E09700DFE009 /* Equatable.swift in Sources */ = {isa = PBXBuildFile; fileRef = 8873E21D1C51E09700DFE009 /* Equatable.swift */; };
		8873E2281C51E09700DFE009 /* CoreDataFunctions.swift in Sources */ = {isa = PBXBuildFile; fileRef = 8873E21E1C51E09700DFE009 /* CoreDataFunctions.swift */; };
		8873E2291C51E09700DFE009 /* CoreDataModel.swift in Sources */ = {isa = PBXBuildFile; fileRef = 8873E21F1C51E09700DFE009 /* CoreDataModel.swift */; };
		8873E22A1C51E09700DFE009 /* SaveResult.swift in Sources */ = {isa = PBXBuildFile; fileRef = 8873E2201C51E09700DFE009 /* SaveResult.swift */; };
		8873E22B1C51E09700DFE009 /* CoreDataStack.swift in Sources */ = {isa = PBXBuildFile; fileRef = 8873E2211C51E09700DFE009 /* CoreDataStack.swift */; };
		8873E22C1C51E09700DFE009 /* CoreDataStackFactory.swift in Sources */ = {isa = PBXBuildFile; fileRef = 8873E2221C51E09700DFE009 /* CoreDataStackFactory.swift */; };
		8873E22D1C51E09700DFE009 /* StackResult.swift in Sources */ = {isa = PBXBuildFile; fileRef = 8873E2231C51E09700DFE009 /* StackResult.swift */; };
		8873E22F1C51E09700DFE009 /* JSQCoreDataKit.h in Headers */ = {isa = PBXBuildFile; fileRef = 8873E2251C51E09700DFE009 /* JSQCoreDataKit.h */; settings = {ATTRIBUTES = (Public, ); }; };
		8873E2301C51E09700DFE009 /* StoreType.swift in Sources */ = {isa = PBXBuildFile; fileRef = 8873E2261C51E09700DFE009 /* StoreType.swift */; };
		8873E2311C51E0CF00DFE009 /* JSQCoreDataKit.h in Headers */ = {isa = PBXBuildFile; fileRef = 8873E2251C51E09700DFE009 /* JSQCoreDataKit.h */; settings = {ATTRIBUTES = (Public, ); }; };
		8873E2321C51E0CF00DFE009 /* JSQCoreDataKit.h in Headers */ = {isa = PBXBuildFile; fileRef = 8873E2251C51E09700DFE009 /* JSQCoreDataKit.h */; settings = {ATTRIBUTES = (Public, ); }; };
		8873E2331C51E0D000DFE009 /* JSQCoreDataKit.h in Headers */ = {isa = PBXBuildFile; fileRef = 8873E2251C51E09700DFE009 /* JSQCoreDataKit.h */; settings = {ATTRIBUTES = (Public, ); }; };
		8873E2341C51E0DD00DFE009 /* Equatable.swift in Sources */ = {isa = PBXBuildFile; fileRef = 8873E21D1C51E09700DFE009 /* Equatable.swift */; };
		8873E2351C51E0DD00DFE009 /* CoreDataFunctions.swift in Sources */ = {isa = PBXBuildFile; fileRef = 8873E21E1C51E09700DFE009 /* CoreDataFunctions.swift */; };
		8873E2361C51E0DD00DFE009 /* CoreDataModel.swift in Sources */ = {isa = PBXBuildFile; fileRef = 8873E21F1C51E09700DFE009 /* CoreDataModel.swift */; };
		8873E2371C51E0DD00DFE009 /* SaveResult.swift in Sources */ = {isa = PBXBuildFile; fileRef = 8873E2201C51E09700DFE009 /* SaveResult.swift */; };
		8873E2381C51E0DD00DFE009 /* CoreDataStack.swift in Sources */ = {isa = PBXBuildFile; fileRef = 8873E2211C51E09700DFE009 /* CoreDataStack.swift */; };
		8873E2391C51E0DD00DFE009 /* CoreDataStackFactory.swift in Sources */ = {isa = PBXBuildFile; fileRef = 8873E2221C51E09700DFE009 /* CoreDataStackFactory.swift */; };
		8873E23A1C51E0DD00DFE009 /* StackResult.swift in Sources */ = {isa = PBXBuildFile; fileRef = 8873E2231C51E09700DFE009 /* StackResult.swift */; };
		8873E23B1C51E0DD00DFE009 /* StoreType.swift in Sources */ = {isa = PBXBuildFile; fileRef = 8873E2261C51E09700DFE009 /* StoreType.swift */; };
		8873E23C1C51E0DE00DFE009 /* Equatable.swift in Sources */ = {isa = PBXBuildFile; fileRef = 8873E21D1C51E09700DFE009 /* Equatable.swift */; };
		8873E23D1C51E0DE00DFE009 /* CoreDataFunctions.swift in Sources */ = {isa = PBXBuildFile; fileRef = 8873E21E1C51E09700DFE009 /* CoreDataFunctions.swift */; };
		8873E23E1C51E0DE00DFE009 /* CoreDataModel.swift in Sources */ = {isa = PBXBuildFile; fileRef = 8873E21F1C51E09700DFE009 /* CoreDataModel.swift */; };
		8873E23F1C51E0DE00DFE009 /* SaveResult.swift in Sources */ = {isa = PBXBuildFile; fileRef = 8873E2201C51E09700DFE009 /* SaveResult.swift */; };
		8873E2401C51E0DE00DFE009 /* CoreDataStack.swift in Sources */ = {isa = PBXBuildFile; fileRef = 8873E2211C51E09700DFE009 /* CoreDataStack.swift */; };
		8873E2411C51E0DE00DFE009 /* CoreDataStackFactory.swift in Sources */ = {isa = PBXBuildFile; fileRef = 8873E2221C51E09700DFE009 /* CoreDataStackFactory.swift */; };
		8873E2421C51E0DE00DFE009 /* StackResult.swift in Sources */ = {isa = PBXBuildFile; fileRef = 8873E2231C51E09700DFE009 /* StackResult.swift */; };
		8873E2431C51E0DE00DFE009 /* StoreType.swift in Sources */ = {isa = PBXBuildFile; fileRef = 8873E2261C51E09700DFE009 /* StoreType.swift */; };
		8873E2441C51E0DE00DFE009 /* Equatable.swift in Sources */ = {isa = PBXBuildFile; fileRef = 8873E21D1C51E09700DFE009 /* Equatable.swift */; };
		8873E2451C51E0DE00DFE009 /* CoreDataFunctions.swift in Sources */ = {isa = PBXBuildFile; fileRef = 8873E21E1C51E09700DFE009 /* CoreDataFunctions.swift */; };
		8873E2461C51E0DE00DFE009 /* CoreDataModel.swift in Sources */ = {isa = PBXBuildFile; fileRef = 8873E21F1C51E09700DFE009 /* CoreDataModel.swift */; };
		8873E2471C51E0DE00DFE009 /* SaveResult.swift in Sources */ = {isa = PBXBuildFile; fileRef = 8873E2201C51E09700DFE009 /* SaveResult.swift */; };
		8873E2481C51E0DE00DFE009 /* CoreDataStack.swift in Sources */ = {isa = PBXBuildFile; fileRef = 8873E2211C51E09700DFE009 /* CoreDataStack.swift */; };
		8873E2491C51E0DE00DFE009 /* CoreDataStackFactory.swift in Sources */ = {isa = PBXBuildFile; fileRef = 8873E2221C51E09700DFE009 /* CoreDataStackFactory.swift */; };
		8873E24A1C51E0DE00DFE009 /* StackResult.swift in Sources */ = {isa = PBXBuildFile; fileRef = 8873E2231C51E09700DFE009 /* StackResult.swift */; };
		8873E24B1C51E0DE00DFE009 /* StoreType.swift in Sources */ = {isa = PBXBuildFile; fileRef = 8873E2261C51E09700DFE009 /* StoreType.swift */; };
		8873E25C1C51E10100DFE009 /* ContextSyncTests.swift in Sources */ = {isa = PBXBuildFile; fileRef = 8873E24D1C51E10100DFE009 /* ContextSyncTests.swift */; };
		8873E25E1C51E10100DFE009 /* ExampleModelTests.swift in Sources */ = {isa = PBXBuildFile; fileRef = 8873E24F1C51E10100DFE009 /* ExampleModelTests.swift */; };
		8873E2611C51E10100DFE009 /* ModelTests.swift in Sources */ = {isa = PBXBuildFile; fileRef = 8873E2521C51E10100DFE009 /* ModelTests.swift */; };
		8873E2621C51E10100DFE009 /* PersistentStoreOptionsTests.swift in Sources */ = {isa = PBXBuildFile; fileRef = 8873E2531C51E10100DFE009 /* PersistentStoreOptionsTests.swift */; };
		8873E2631C51E10100DFE009 /* ResetStackTests.swift in Sources */ = {isa = PBXBuildFile; fileRef = 8873E2541C51E10100DFE009 /* ResetStackTests.swift */; };
		8873E2641C51E10100DFE009 /* SaveResultTests.swift in Sources */ = {isa = PBXBuildFile; fileRef = 8873E2551C51E10100DFE009 /* SaveResultTests.swift */; };
		8873E2651C51E10100DFE009 /* SaveTests.swift in Sources */ = {isa = PBXBuildFile; fileRef = 8873E2561C51E10100DFE009 /* SaveTests.swift */; };
		8873E2661C51E10100DFE009 /* StackFactoryTests.swift in Sources */ = {isa = PBXBuildFile; fileRef = 8873E2571C51E10100DFE009 /* StackFactoryTests.swift */; };
		8873E2671C51E10100DFE009 /* StackResultTests.swift in Sources */ = {isa = PBXBuildFile; fileRef = 8873E2581C51E10100DFE009 /* StackResultTests.swift */; };
		8873E2681C51E10100DFE009 /* StackTests.swift in Sources */ = {isa = PBXBuildFile; fileRef = 8873E2591C51E10100DFE009 /* StackTests.swift */; };
		8873E2691C51E10100DFE009 /* StoreTypeTests.swift in Sources */ = {isa = PBXBuildFile; fileRef = 8873E25A1C51E10100DFE009 /* StoreTypeTests.swift */; };
		8873E26A1C51E10100DFE009 /* TestCase.swift in Sources */ = {isa = PBXBuildFile; fileRef = 8873E25B1C51E10100DFE009 /* TestCase.swift */; };
		8873E2C11C51E3D400DFE009 /* ExampleModel.framework in Frameworks */ = {isa = PBXBuildFile; fileRef = 8873E2C01C51E3B000DFE009 /* ExampleModel.framework */; };
		88DF3CBF1CDCE89000726A31 /* JSQCoreDataKit.framework in Frameworks */ = {isa = PBXBuildFile; fileRef = 88AC4B331C0FD8DA00A04563 /* JSQCoreDataKit.framework */; };
		88DF3CC51CDCE8D800726A31 /* ContextSyncTests.swift in Sources */ = {isa = PBXBuildFile; fileRef = 8873E24D1C51E10100DFE009 /* ContextSyncTests.swift */; };
		88DF3CC71CDCE8D800726A31 /* ExampleModelTests.swift in Sources */ = {isa = PBXBuildFile; fileRef = 8873E24F1C51E10100DFE009 /* ExampleModelTests.swift */; };
		88DF3CC91CDCE8D800726A31 /* MigrationTests.swift in Sources */ = {isa = PBXBuildFile; fileRef = 297C7D2C1C710A1D008E516B /* MigrationTests.swift */; };
		88DF3CCA1CDCE8D800726A31 /* ModelTests.swift in Sources */ = {isa = PBXBuildFile; fileRef = 8873E2521C51E10100DFE009 /* ModelTests.swift */; };
		88DF3CCB1CDCE8D800726A31 /* PersistentStoreOptionsTests.swift in Sources */ = {isa = PBXBuildFile; fileRef = 8873E2531C51E10100DFE009 /* PersistentStoreOptionsTests.swift */; };
		88DF3CCC1CDCE8D800726A31 /* ResetStackTests.swift in Sources */ = {isa = PBXBuildFile; fileRef = 8873E2541C51E10100DFE009 /* ResetStackTests.swift */; };
		88DF3CCD1CDCE8D800726A31 /* SaveResultTests.swift in Sources */ = {isa = PBXBuildFile; fileRef = 8873E2551C51E10100DFE009 /* SaveResultTests.swift */; };
		88DF3CCE1CDCE8D800726A31 /* SaveTests.swift in Sources */ = {isa = PBXBuildFile; fileRef = 8873E2561C51E10100DFE009 /* SaveTests.swift */; };
		88DF3CCF1CDCE8D800726A31 /* StackFactoryTests.swift in Sources */ = {isa = PBXBuildFile; fileRef = 8873E2571C51E10100DFE009 /* StackFactoryTests.swift */; };
		88DF3CD01CDCE8D800726A31 /* StackResultTests.swift in Sources */ = {isa = PBXBuildFile; fileRef = 8873E2581C51E10100DFE009 /* StackResultTests.swift */; };
		88DF3CD11CDCE8D800726A31 /* StackTests.swift in Sources */ = {isa = PBXBuildFile; fileRef = 8873E2591C51E10100DFE009 /* StackTests.swift */; };
		88DF3CD21CDCE8D800726A31 /* StoreTypeTests.swift in Sources */ = {isa = PBXBuildFile; fileRef = 8873E25A1C51E10100DFE009 /* StoreTypeTests.swift */; };
		88DF3CD31CDCE8D800726A31 /* TestCase.swift in Sources */ = {isa = PBXBuildFile; fileRef = 8873E25B1C51E10100DFE009 /* TestCase.swift */; };
		88DF3CED1CDCF07700726A31 /* ExampleModel.framework in Frameworks */ = {isa = PBXBuildFile; fileRef = 88DF3CEC1CDCF06200726A31 /* ExampleModel.framework */; };
/* End PBXBuildFile section */

/* Begin PBXContainerItemProxy section */
		292393AE1C6BC37E0025E6EF /* PBXContainerItemProxy */ = {
			isa = PBXContainerItemProxy;
			containerPortal = 8873E2BB1C51E3B000DFE009 /* ExampleModel.xcodeproj */;
			proxyType = 1;
			remoteGlobalIDString = 885394491BC9EA0300699506;
			remoteInfo = ExampleModel;
		};
		881219C91B361EAF005E5AA7 /* PBXContainerItemProxy */ = {
			isa = PBXContainerItemProxy;
			containerPortal = 88002D461AB8F546001787DB /* Project object */;
			proxyType = 1;
			remoteGlobalIDString = 88002D4E1AB8F546001787DB;
			remoteInfo = JSQCoreDataKit;
		};
		8873E2BF1C51E3B000DFE009 /* PBXContainerItemProxy */ = {
			isa = PBXContainerItemProxy;
			containerPortal = 8873E2BB1C51E3B000DFE009 /* ExampleModel.xcodeproj */;
			proxyType = 2;
			remoteGlobalIDString = 8853944A1BC9EA0300699506;
			remoteInfo = ExampleModel;
		};
		88DF3CC01CDCE89000726A31 /* PBXContainerItemProxy */ = {
			isa = PBXContainerItemProxy;
			containerPortal = 88002D461AB8F546001787DB /* Project object */;
			proxyType = 1;
			remoteGlobalIDString = 88AC4B321C0FD8DA00A04563;
			remoteInfo = "JSQCoreDataKit-OSX";
		};
		88DF3CE81CDCF06200726A31 /* PBXContainerItemProxy */ = {
			isa = PBXContainerItemProxy;
			containerPortal = 8873E2BB1C51E3B000DFE009 /* ExampleModel.xcodeproj */;
			proxyType = 1;
			remoteGlobalIDString = 88DF3CD81CDCEA0D00726A31;
			remoteInfo = "ExampleModel-OSX";
		};
		88DF3CEB1CDCF06200726A31 /* PBXContainerItemProxy */ = {
			isa = PBXContainerItemProxy;
			containerPortal = 8873E2BB1C51E3B000DFE009 /* ExampleModel.xcodeproj */;
			proxyType = 2;
			remoteGlobalIDString = 88DF3CD91CDCEA0D00726A31;
			remoteInfo = "ExampleModel-OSX";
		};
/* End PBXContainerItemProxy section */

/* Begin PBXFileReference section */
		297C7D2C1C710A1D008E516B /* MigrationTests.swift */ = {isa = PBXFileReference; fileEncoding = 4; lastKnownFileType = sourcecode.swift; path = MigrationTests.swift; sourceTree = "<group>"; };
		298F00F61C9C559100AEC77E /* Migrate.swift */ = {isa = PBXFileReference; fileEncoding = 4; lastKnownFileType = sourcecode.swift; path = Migrate.swift; sourceTree = "<group>"; };
		88002D4F1AB8F546001787DB /* JSQCoreDataKit.framework */ = {isa = PBXFileReference; explicitFileType = wrapper.framework; includeInIndex = 0; path = JSQCoreDataKit.framework; sourceTree = BUILT_PRODUCTS_DIR; };
		881219C31B361EAF005E5AA7 /* JSQCoreDataKit-iOSTests.xctest */ = {isa = PBXFileReference; explicitFileType = wrapper.cfbundle; includeInIndex = 0; path = "JSQCoreDataKit-iOSTests.xctest"; sourceTree = BUILT_PRODUCTS_DIR; };
		883378C41CB187E500205B24 /* Utils.swift */ = {isa = PBXFileReference; fileEncoding = 4; lastKnownFileType = sourcecode.swift; path = Utils.swift; sourceTree = "<group>"; };
		883C83DB1C0D7647007A16F5 /* JSQCoreDataKit.framework */ = {isa = PBXFileReference; explicitFileType = wrapper.framework; includeInIndex = 0; path = JSQCoreDataKit.framework; sourceTree = BUILT_PRODUCTS_DIR; };
		8852A0CC1D459048006538B9 /* CoreDataEntityProtocol.swift */ = {isa = PBXFileReference; fileEncoding = 4; lastKnownFileType = sourcecode.swift; path = CoreDataEntityProtocol.swift; sourceTree = "<group>"; };
		8852A0D11D459249006538B9 /* CoreDataEntityProtocolTests.swift */ = {isa = PBXFileReference; fileEncoding = 4; lastKnownFileType = sourcecode.swift; path = CoreDataEntityProtocolTests.swift; sourceTree = "<group>"; };
		8873E21D1C51E09700DFE009 /* Equatable.swift */ = {isa = PBXFileReference; fileEncoding = 4; lastKnownFileType = sourcecode.swift; path = Equatable.swift; sourceTree = "<group>"; };
		8873E21E1C51E09700DFE009 /* CoreDataFunctions.swift */ = {isa = PBXFileReference; fileEncoding = 4; lastKnownFileType = sourcecode.swift; path = CoreDataFunctions.swift; sourceTree = "<group>"; };
		8873E21F1C51E09700DFE009 /* CoreDataModel.swift */ = {isa = PBXFileReference; fileEncoding = 4; lastKnownFileType = sourcecode.swift; path = CoreDataModel.swift; sourceTree = "<group>"; };
		8873E2201C51E09700DFE009 /* SaveResult.swift */ = {isa = PBXFileReference; fileEncoding = 4; lastKnownFileType = sourcecode.swift; path = SaveResult.swift; sourceTree = "<group>"; };
		8873E2211C51E09700DFE009 /* CoreDataStack.swift */ = {isa = PBXFileReference; fileEncoding = 4; lastKnownFileType = sourcecode.swift; path = CoreDataStack.swift; sourceTree = "<group>"; };
		8873E2221C51E09700DFE009 /* CoreDataStackFactory.swift */ = {isa = PBXFileReference; fileEncoding = 4; lastKnownFileType = sourcecode.swift; path = CoreDataStackFactory.swift; sourceTree = "<group>"; };
		8873E2231C51E09700DFE009 /* StackResult.swift */ = {isa = PBXFileReference; fileEncoding = 4; lastKnownFileType = sourcecode.swift; path = StackResult.swift; sourceTree = "<group>"; };
		8873E2241C51E09700DFE009 /* Info.plist */ = {isa = PBXFileReference; fileEncoding = 4; lastKnownFileType = text.plist.xml; path = Info.plist; sourceTree = "<group>"; };
		8873E2251C51E09700DFE009 /* JSQCoreDataKit.h */ = {isa = PBXFileReference; fileEncoding = 4; lastKnownFileType = sourcecode.c.h; path = JSQCoreDataKit.h; sourceTree = "<group>"; };
		8873E2261C51E09700DFE009 /* StoreType.swift */ = {isa = PBXFileReference; fileEncoding = 4; lastKnownFileType = sourcecode.swift; path = StoreType.swift; sourceTree = "<group>"; };
		8873E24D1C51E10100DFE009 /* ContextSyncTests.swift */ = {isa = PBXFileReference; fileEncoding = 4; lastKnownFileType = sourcecode.swift; path = ContextSyncTests.swift; sourceTree = "<group>"; };
		8873E24F1C51E10100DFE009 /* ExampleModelTests.swift */ = {isa = PBXFileReference; fileEncoding = 4; lastKnownFileType = sourcecode.swift; path = ExampleModelTests.swift; sourceTree = "<group>"; };
		8873E2511C51E10100DFE009 /* Info.plist */ = {isa = PBXFileReference; fileEncoding = 4; lastKnownFileType = text.plist.xml; path = Info.plist; sourceTree = "<group>"; };
		8873E2521C51E10100DFE009 /* ModelTests.swift */ = {isa = PBXFileReference; fileEncoding = 4; lastKnownFileType = sourcecode.swift; path = ModelTests.swift; sourceTree = "<group>"; };
		8873E2531C51E10100DFE009 /* PersistentStoreOptionsTests.swift */ = {isa = PBXFileReference; fileEncoding = 4; lastKnownFileType = sourcecode.swift; path = PersistentStoreOptionsTests.swift; sourceTree = "<group>"; };
		8873E2541C51E10100DFE009 /* ResetStackTests.swift */ = {isa = PBXFileReference; fileEncoding = 4; lastKnownFileType = sourcecode.swift; path = ResetStackTests.swift; sourceTree = "<group>"; };
		8873E2551C51E10100DFE009 /* SaveResultTests.swift */ = {isa = PBXFileReference; fileEncoding = 4; lastKnownFileType = sourcecode.swift; path = SaveResultTests.swift; sourceTree = "<group>"; };
		8873E2561C51E10100DFE009 /* SaveTests.swift */ = {isa = PBXFileReference; fileEncoding = 4; lastKnownFileType = sourcecode.swift; path = SaveTests.swift; sourceTree = "<group>"; };
		8873E2571C51E10100DFE009 /* StackFactoryTests.swift */ = {isa = PBXFileReference; fileEncoding = 4; lastKnownFileType = sourcecode.swift; path = StackFactoryTests.swift; sourceTree = "<group>"; };
		8873E2581C51E10100DFE009 /* StackResultTests.swift */ = {isa = PBXFileReference; fileEncoding = 4; lastKnownFileType = sourcecode.swift; path = StackResultTests.swift; sourceTree = "<group>"; };
		8873E2591C51E10100DFE009 /* StackTests.swift */ = {isa = PBXFileReference; fileEncoding = 4; lastKnownFileType = sourcecode.swift; path = StackTests.swift; sourceTree = "<group>"; };
		8873E25A1C51E10100DFE009 /* StoreTypeTests.swift */ = {isa = PBXFileReference; fileEncoding = 4; lastKnownFileType = sourcecode.swift; path = StoreTypeTests.swift; sourceTree = "<group>"; };
		8873E25B1C51E10100DFE009 /* TestCase.swift */ = {isa = PBXFileReference; fileEncoding = 4; lastKnownFileType = sourcecode.swift; path = TestCase.swift; sourceTree = "<group>"; };
		8873E2BB1C51E3B000DFE009 /* ExampleModel.xcodeproj */ = {isa = PBXFileReference; lastKnownFileType = "wrapper.pb-project"; name = ExampleModel.xcodeproj; path = Example/ExampleModel/ExampleModel.xcodeproj; sourceTree = SOURCE_ROOT; };
		887403131C0D6A6D00FE0C31 /* JSQCoreDataKit.framework */ = {isa = PBXFileReference; explicitFileType = wrapper.framework; includeInIndex = 0; path = JSQCoreDataKit.framework; sourceTree = BUILT_PRODUCTS_DIR; };
		88AC4B331C0FD8DA00A04563 /* JSQCoreDataKit.framework */ = {isa = PBXFileReference; explicitFileType = wrapper.framework; includeInIndex = 0; path = JSQCoreDataKit.framework; sourceTree = BUILT_PRODUCTS_DIR; };
		88DF3CBA1CDCE89000726A31 /* JSQCoreDataKit-OSXTests.xctest */ = {isa = PBXFileReference; explicitFileType = wrapper.cfbundle; includeInIndex = 0; path = "JSQCoreDataKit-OSXTests.xctest"; sourceTree = BUILT_PRODUCTS_DIR; };
/* End PBXFileReference section */

/* Begin PBXFrameworksBuildPhase section */
		88002D4B1AB8F546001787DB /* Frameworks */ = {
			isa = PBXFrameworksBuildPhase;
			buildActionMask = 2147483647;
			files = (
			);
			runOnlyForDeploymentPostprocessing = 0;
		};
		881219C01B361EAF005E5AA7 /* Frameworks */ = {
			isa = PBXFrameworksBuildPhase;
			buildActionMask = 2147483647;
			files = (
				8873E2C11C51E3D400DFE009 /* ExampleModel.framework in Frameworks */,
				881219C81B361EAF005E5AA7 /* JSQCoreDataKit.framework in Frameworks */,
			);
			runOnlyForDeploymentPostprocessing = 0;
		};
		883C83D71C0D7647007A16F5 /* Frameworks */ = {
			isa = PBXFrameworksBuildPhase;
			buildActionMask = 2147483647;
			files = (
			);
			runOnlyForDeploymentPostprocessing = 0;
		};
		8874030F1C0D6A6D00FE0C31 /* Frameworks */ = {
			isa = PBXFrameworksBuildPhase;
			buildActionMask = 2147483647;
			files = (
			);
			runOnlyForDeploymentPostprocessing = 0;
		};
		88AC4B2F1C0FD8DA00A04563 /* Frameworks */ = {
			isa = PBXFrameworksBuildPhase;
			buildActionMask = 2147483647;
			files = (
			);
			runOnlyForDeploymentPostprocessing = 0;
		};
		88DF3CB71CDCE89000726A31 /* Frameworks */ = {
			isa = PBXFrameworksBuildPhase;
			buildActionMask = 2147483647;
			files = (
				88DF3CED1CDCF07700726A31 /* ExampleModel.framework in Frameworks */,
				88DF3CBF1CDCE89000726A31 /* JSQCoreDataKit.framework in Frameworks */,
			);
			runOnlyForDeploymentPostprocessing = 0;
		};
/* End PBXFrameworksBuildPhase section */

/* Begin PBXGroup section */
		88002D451AB8F546001787DB = {
			isa = PBXGroup;
			children = (
				8873E21C1C51E09700DFE009 /* Source */,
				8873E24C1C51E10100DFE009 /* Tests */,
				88002D501AB8F546001787DB /* Products */,
			);
			sourceTree = "<group>";
		};
		88002D501AB8F546001787DB /* Products */ = {
			isa = PBXGroup;
			children = (
				88002D4F1AB8F546001787DB /* JSQCoreDataKit.framework */,
				881219C31B361EAF005E5AA7 /* JSQCoreDataKit-iOSTests.xctest */,
				887403131C0D6A6D00FE0C31 /* JSQCoreDataKit.framework */,
				883C83DB1C0D7647007A16F5 /* JSQCoreDataKit.framework */,
				88AC4B331C0FD8DA00A04563 /* JSQCoreDataKit.framework */,
				88DF3CBA1CDCE89000726A31 /* JSQCoreDataKit-OSXTests.xctest */,
			);
			name = Products;
			sourceTree = "<group>";
		};
		8873E21C1C51E09700DFE009 /* Source */ = {
			isa = PBXGroup;
			children = (
				8852A0CC1D459048006538B9 /* CoreDataEntityProtocol.swift */,
				8873E21E1C51E09700DFE009 /* CoreDataFunctions.swift */,
				8873E21F1C51E09700DFE009 /* CoreDataModel.swift */,
				8873E2211C51E09700DFE009 /* CoreDataStack.swift */,
				8873E2221C51E09700DFE009 /* CoreDataStackFactory.swift */,
				8873E21D1C51E09700DFE009 /* Equatable.swift */,
				8873E2241C51E09700DFE009 /* Info.plist */,
				8873E2251C51E09700DFE009 /* JSQCoreDataKit.h */,
				298F00F61C9C559100AEC77E /* Migrate.swift */,
				8873E2201C51E09700DFE009 /* SaveResult.swift */,
				8873E2231C51E09700DFE009 /* StackResult.swift */,
				8873E2261C51E09700DFE009 /* StoreType.swift */,
				883378C41CB187E500205B24 /* Utils.swift */,
			);
			path = Source;
			sourceTree = "<group>";
		};
		8873E24C1C51E10100DFE009 /* Tests */ = {
			isa = PBXGroup;
			children = (
				8873E2BB1C51E3B000DFE009 /* ExampleModel.xcodeproj */,
				8873E24D1C51E10100DFE009 /* ContextSyncTests.swift */,
				8852A0D11D459249006538B9 /* CoreDataEntityProtocolTests.swift */,
				8873E24F1C51E10100DFE009 /* ExampleModelTests.swift */,
				8873E2511C51E10100DFE009 /* Info.plist */,
				297C7D2C1C710A1D008E516B /* MigrationTests.swift */,
				8873E2521C51E10100DFE009 /* ModelTests.swift */,
				8873E2531C51E10100DFE009 /* PersistentStoreOptionsTests.swift */,
				8873E2541C51E10100DFE009 /* ResetStackTests.swift */,
				8873E2551C51E10100DFE009 /* SaveResultTests.swift */,
				8873E2561C51E10100DFE009 /* SaveTests.swift */,
				8873E2571C51E10100DFE009 /* StackFactoryTests.swift */,
				8873E2581C51E10100DFE009 /* StackResultTests.swift */,
				8873E2591C51E10100DFE009 /* StackTests.swift */,
				8873E25A1C51E10100DFE009 /* StoreTypeTests.swift */,
				8873E25B1C51E10100DFE009 /* TestCase.swift */,
			);
			path = Tests;
			sourceTree = "<group>";
		};
		8873E2BC1C51E3B000DFE009 /* Products */ = {
			isa = PBXGroup;
			children = (
				8873E2C01C51E3B000DFE009 /* ExampleModel.framework */,
				88DF3CEC1CDCF06200726A31 /* ExampleModel.framework */,
			);
			name = Products;
			sourceTree = "<group>";
		};
/* End PBXGroup section */

/* Begin PBXHeadersBuildPhase section */
		88002D4C1AB8F546001787DB /* Headers */ = {
			isa = PBXHeadersBuildPhase;
			buildActionMask = 2147483647;
			files = (
				8873E22F1C51E09700DFE009 /* JSQCoreDataKit.h in Headers */,
			);
			runOnlyForDeploymentPostprocessing = 0;
		};
		883C83D81C0D7647007A16F5 /* Headers */ = {
			isa = PBXHeadersBuildPhase;
			buildActionMask = 2147483647;
			files = (
				8873E2321C51E0CF00DFE009 /* JSQCoreDataKit.h in Headers */,
			);
			runOnlyForDeploymentPostprocessing = 0;
		};
		887403101C0D6A6D00FE0C31 /* Headers */ = {
			isa = PBXHeadersBuildPhase;
			buildActionMask = 2147483647;
			files = (
				8873E2311C51E0CF00DFE009 /* JSQCoreDataKit.h in Headers */,
			);
			runOnlyForDeploymentPostprocessing = 0;
		};
		88AC4B301C0FD8DA00A04563 /* Headers */ = {
			isa = PBXHeadersBuildPhase;
			buildActionMask = 2147483647;
			files = (
				8873E2331C51E0D000DFE009 /* JSQCoreDataKit.h in Headers */,
			);
			runOnlyForDeploymentPostprocessing = 0;
		};
/* End PBXHeadersBuildPhase section */

/* Begin PBXNativeTarget section */
		88002D4E1AB8F546001787DB /* JSQCoreDataKit-iOS */ = {
			isa = PBXNativeTarget;
			buildConfigurationList = 88002D651AB8F547001787DB /* Build configuration list for PBXNativeTarget "JSQCoreDataKit-iOS" */;
			buildPhases = (
				88002D4A1AB8F546001787DB /* Sources */,
				88002D4B1AB8F546001787DB /* Frameworks */,
				88002D4C1AB8F546001787DB /* Headers */,
				88002D4D1AB8F546001787DB /* Resources */,
			);
			buildRules = (
			);
			dependencies = (
			);
			name = "JSQCoreDataKit-iOS";
			productName = JSQCoreDataKit;
			productReference = 88002D4F1AB8F546001787DB /* JSQCoreDataKit.framework */;
			productType = "com.apple.product-type.framework";
		};
		881219C21B361EAF005E5AA7 /* JSQCoreDataKit-iOSTests */ = {
			isa = PBXNativeTarget;
			buildConfigurationList = 881219CB1B361EAF005E5AA7 /* Build configuration list for PBXNativeTarget "JSQCoreDataKit-iOSTests" */;
			buildPhases = (
				881219BF1B361EAF005E5AA7 /* Sources */,
				881219C01B361EAF005E5AA7 /* Frameworks */,
				881219C11B361EAF005E5AA7 /* Resources */,
			);
			buildRules = (
			);
			dependencies = (
				292393AF1C6BC37E0025E6EF /* PBXTargetDependency */,
				881219CA1B361EAF005E5AA7 /* PBXTargetDependency */,
			);
			name = "JSQCoreDataKit-iOSTests";
			productName = JSQCoreDataKitTests;
			productReference = 881219C31B361EAF005E5AA7 /* JSQCoreDataKit-iOSTests.xctest */;
			productType = "com.apple.product-type.bundle.unit-test";
		};
		883C83DA1C0D7647007A16F5 /* JSQCoreDataKit-watchOS */ = {
			isa = PBXNativeTarget;
			buildConfigurationList = 883C83E01C0D7647007A16F5 /* Build configuration list for PBXNativeTarget "JSQCoreDataKit-watchOS" */;
			buildPhases = (
				883C83D61C0D7647007A16F5 /* Sources */,
				883C83D71C0D7647007A16F5 /* Frameworks */,
				883C83D81C0D7647007A16F5 /* Headers */,
				883C83D91C0D7647007A16F5 /* Resources */,
			);
			buildRules = (
			);
			dependencies = (
			);
			name = "JSQCoreDataKit-watchOS";
			productName = "JSQCoreDataKit watchOS";
			productReference = 883C83DB1C0D7647007A16F5 /* JSQCoreDataKit.framework */;
			productType = "com.apple.product-type.framework";
		};
		887403121C0D6A6D00FE0C31 /* JSQCoreDataKit-tvOS */ = {
			isa = PBXNativeTarget;
			buildConfigurationList = 8874031B1C0D6A6D00FE0C31 /* Build configuration list for PBXNativeTarget "JSQCoreDataKit-tvOS" */;
			buildPhases = (
				8874030E1C0D6A6D00FE0C31 /* Sources */,
				8874030F1C0D6A6D00FE0C31 /* Frameworks */,
				887403101C0D6A6D00FE0C31 /* Headers */,
				887403111C0D6A6D00FE0C31 /* Resources */,
			);
			buildRules = (
			);
			dependencies = (
			);
			name = "JSQCoreDataKit-tvOS";
			productName = "JSQCoreDataKit tvOS";
			productReference = 887403131C0D6A6D00FE0C31 /* JSQCoreDataKit.framework */;
			productType = "com.apple.product-type.framework";
		};
		88AC4B321C0FD8DA00A04563 /* JSQCoreDataKit-OSX */ = {
			isa = PBXNativeTarget;
			buildConfigurationList = 88AC4B3B1C0FD8DB00A04563 /* Build configuration list for PBXNativeTarget "JSQCoreDataKit-OSX" */;
			buildPhases = (
				88AC4B2E1C0FD8DA00A04563 /* Sources */,
				88AC4B2F1C0FD8DA00A04563 /* Frameworks */,
				88AC4B301C0FD8DA00A04563 /* Headers */,
				88AC4B311C0FD8DA00A04563 /* Resources */,
			);
			buildRules = (
			);
			dependencies = (
			);
			name = "JSQCoreDataKit-OSX";
			productName = "JSQCoreDataKit OSX";
			productReference = 88AC4B331C0FD8DA00A04563 /* JSQCoreDataKit.framework */;
			productType = "com.apple.product-type.framework";
		};
		88DF3CB91CDCE89000726A31 /* JSQCoreDataKit-OSXTests */ = {
			isa = PBXNativeTarget;
			buildConfigurationList = 88DF3CC41CDCE89000726A31 /* Build configuration list for PBXNativeTarget "JSQCoreDataKit-OSXTests" */;
			buildPhases = (
				88DF3CB61CDCE89000726A31 /* Sources */,
				88DF3CB71CDCE89000726A31 /* Frameworks */,
				88DF3CB81CDCE89000726A31 /* Resources */,
			);
			buildRules = (
			);
			dependencies = (
				88DF3CE91CDCF06200726A31 /* PBXTargetDependency */,
				88DF3CC11CDCE89000726A31 /* PBXTargetDependency */,
			);
			name = "JSQCoreDataKit-OSXTests";
			productName = "JSQCoreDataKit-OSXTests";
			productReference = 88DF3CBA1CDCE89000726A31 /* JSQCoreDataKit-OSXTests.xctest */;
			productType = "com.apple.product-type.bundle.unit-test";
		};
/* End PBXNativeTarget section */

/* Begin PBXProject section */
		88002D461AB8F546001787DB /* Project object */ = {
			isa = PBXProject;
			attributes = {
				LastSwiftUpdateCheck = 0730;
				LastUpgradeCheck = 0900;
				ORGANIZATIONNAME = "Hexed Bits";
				TargetAttributes = {
					88002D4E1AB8F546001787DB = {
						CreatedOnToolsVersion = 6.3;
						DevelopmentTeamName = "Jesse Squires";
						LastSwiftMigration = 0900;
					};
					881219C21B361EAF005E5AA7 = {
						CreatedOnToolsVersion = 7.0;
						LastSwiftMigration = 0900;
						ProvisioningStyle = Manual;
					};
					883C83DA1C0D7647007A16F5 = {
						CreatedOnToolsVersion = 7.1.1;
						LastSwiftMigration = 0900;
						ProvisioningStyle = Manual;
					};
					887403121C0D6A6D00FE0C31 = {
						CreatedOnToolsVersion = 7.1.1;
						LastSwiftMigration = 0900;
					};
					88AC4B321C0FD8DA00A04563 = {
						CreatedOnToolsVersion = 7.1.1;
						LastSwiftMigration = 0900;
						ProvisioningStyle = Manual;
					};
					88DF3CB91CDCE89000726A31 = {
						CreatedOnToolsVersion = 7.3.1;
						LastSwiftMigration = 0900;
						ProvisioningStyle = Manual;
					};
				};
			};
			buildConfigurationList = 88002D491AB8F546001787DB /* Build configuration list for PBXProject "JSQCoreDataKit" */;
			compatibilityVersion = "Xcode 3.2";
			developmentRegion = English;
			hasScannedForEncodings = 0;
			knownRegions = (
				en,
			);
			mainGroup = 88002D451AB8F546001787DB;
			productRefGroup = 88002D501AB8F546001787DB /* Products */;
			projectDirPath = "";
			projectReferences = (
				{
					ProductGroup = 8873E2BC1C51E3B000DFE009 /* Products */;
					ProjectRef = 8873E2BB1C51E3B000DFE009 /* ExampleModel.xcodeproj */;
				},
			);
			projectRoot = "";
			targets = (
				88002D4E1AB8F546001787DB /* JSQCoreDataKit-iOS */,
				881219C21B361EAF005E5AA7 /* JSQCoreDataKit-iOSTests */,
				887403121C0D6A6D00FE0C31 /* JSQCoreDataKit-tvOS */,
				883C83DA1C0D7647007A16F5 /* JSQCoreDataKit-watchOS */,
				88AC4B321C0FD8DA00A04563 /* JSQCoreDataKit-OSX */,
				88DF3CB91CDCE89000726A31 /* JSQCoreDataKit-OSXTests */,
			);
		};
/* End PBXProject section */

/* Begin PBXReferenceProxy section */
		8873E2C01C51E3B000DFE009 /* ExampleModel.framework */ = {
			isa = PBXReferenceProxy;
			fileType = wrapper.framework;
			path = ExampleModel.framework;
			remoteRef = 8873E2BF1C51E3B000DFE009 /* PBXContainerItemProxy */;
			sourceTree = BUILT_PRODUCTS_DIR;
		};
		88DF3CEC1CDCF06200726A31 /* ExampleModel.framework */ = {
			isa = PBXReferenceProxy;
			fileType = wrapper.framework;
			path = ExampleModel.framework;
			remoteRef = 88DF3CEB1CDCF06200726A31 /* PBXContainerItemProxy */;
			sourceTree = BUILT_PRODUCTS_DIR;
		};
/* End PBXReferenceProxy section */

/* Begin PBXResourcesBuildPhase section */
		88002D4D1AB8F546001787DB /* Resources */ = {
			isa = PBXResourcesBuildPhase;
			buildActionMask = 2147483647;
			files = (
			);
			runOnlyForDeploymentPostprocessing = 0;
		};
		881219C11B361EAF005E5AA7 /* Resources */ = {
			isa = PBXResourcesBuildPhase;
			buildActionMask = 2147483647;
			files = (
			);
			runOnlyForDeploymentPostprocessing = 0;
		};
		883C83D91C0D7647007A16F5 /* Resources */ = {
			isa = PBXResourcesBuildPhase;
			buildActionMask = 2147483647;
			files = (
			);
			runOnlyForDeploymentPostprocessing = 0;
		};
		887403111C0D6A6D00FE0C31 /* Resources */ = {
			isa = PBXResourcesBuildPhase;
			buildActionMask = 2147483647;
			files = (
			);
			runOnlyForDeploymentPostprocessing = 0;
		};
		88AC4B311C0FD8DA00A04563 /* Resources */ = {
			isa = PBXResourcesBuildPhase;
			buildActionMask = 2147483647;
			files = (
			);
			runOnlyForDeploymentPostprocessing = 0;
		};
		88DF3CB81CDCE89000726A31 /* Resources */ = {
			isa = PBXResourcesBuildPhase;
			buildActionMask = 2147483647;
			files = (
			);
			runOnlyForDeploymentPostprocessing = 0;
		};
/* End PBXResourcesBuildPhase section */

/* Begin PBXSourcesBuildPhase section */
		88002D4A1AB8F546001787DB /* Sources */ = {
			isa = PBXSourcesBuildPhase;
			buildActionMask = 2147483647;
			files = (
				8873E22C1C51E09700DFE009 /* CoreDataStackFactory.swift in Sources */,
				8852A0CD1D459048006538B9 /* CoreDataEntityProtocol.swift in Sources */,
				8873E2301C51E09700DFE009 /* StoreType.swift in Sources */,
				8873E22B1C51E09700DFE009 /* CoreDataStack.swift in Sources */,
				298F00F71C9C559100AEC77E /* Migrate.swift in Sources */,
				8873E22A1C51E09700DFE009 /* SaveResult.swift in Sources */,
				883378C51CB187E500205B24 /* Utils.swift in Sources */,
				8873E2291C51E09700DFE009 /* CoreDataModel.swift in Sources */,
				8873E2281C51E09700DFE009 /* CoreDataFunctions.swift in Sources */,
				8873E22D1C51E09700DFE009 /* StackResult.swift in Sources */,
				8873E2271C51E09700DFE009 /* Equatable.swift in Sources */,
			);
			runOnlyForDeploymentPostprocessing = 0;
		};
		881219BF1B361EAF005E5AA7 /* Sources */ = {
			isa = PBXSourcesBuildPhase;
			buildActionMask = 2147483647;
			files = (
				8873E2651C51E10100DFE009 /* SaveTests.swift in Sources */,
				8852A0D21D459249006538B9 /* CoreDataEntityProtocolTests.swift in Sources */,
				8873E2641C51E10100DFE009 /* SaveResultTests.swift in Sources */,
				8873E2661C51E10100DFE009 /* StackFactoryTests.swift in Sources */,
				8873E2621C51E10100DFE009 /* PersistentStoreOptionsTests.swift in Sources */,
				297C7D2D1C710A1D008E516B /* MigrationTests.swift in Sources */,
				8873E2631C51E10100DFE009 /* ResetStackTests.swift in Sources */,
				8873E2671C51E10100DFE009 /* StackResultTests.swift in Sources */,
				8873E2681C51E10100DFE009 /* StackTests.swift in Sources */,
				8873E26A1C51E10100DFE009 /* TestCase.swift in Sources */,
				8873E25E1C51E10100DFE009 /* ExampleModelTests.swift in Sources */,
				8873E2611C51E10100DFE009 /* ModelTests.swift in Sources */,
				8873E2691C51E10100DFE009 /* StoreTypeTests.swift in Sources */,
				8873E25C1C51E10100DFE009 /* ContextSyncTests.swift in Sources */,
			);
			runOnlyForDeploymentPostprocessing = 0;
		};
		883C83D61C0D7647007A16F5 /* Sources */ = {
			isa = PBXSourcesBuildPhase;
			buildActionMask = 2147483647;
			files = (
				8873E2411C51E0DE00DFE009 /* CoreDataStackFactory.swift in Sources */,
				8852A0CF1D459048006538B9 /* CoreDataEntityProtocol.swift in Sources */,
				8873E2431C51E0DE00DFE009 /* StoreType.swift in Sources */,
				8873E2401C51E0DE00DFE009 /* CoreDataStack.swift in Sources */,
				298F00F91C9C559100AEC77E /* Migrate.swift in Sources */,
				8873E23F1C51E0DE00DFE009 /* SaveResult.swift in Sources */,
				8873E23E1C51E0DE00DFE009 /* CoreDataModel.swift in Sources */,
				52351A0E1CD8AA2D0037010F /* Utils.swift in Sources */,
				8873E23D1C51E0DE00DFE009 /* CoreDataFunctions.swift in Sources */,
				8873E2421C51E0DE00DFE009 /* StackResult.swift in Sources */,
				8873E23C1C51E0DE00DFE009 /* Equatable.swift in Sources */,
			);
			runOnlyForDeploymentPostprocessing = 0;
		};
		8874030E1C0D6A6D00FE0C31 /* Sources */ = {
			isa = PBXSourcesBuildPhase;
			buildActionMask = 2147483647;
			files = (
				8873E2391C51E0DD00DFE009 /* CoreDataStackFactory.swift in Sources */,
				8852A0CE1D459048006538B9 /* CoreDataEntityProtocol.swift in Sources */,
				8873E23B1C51E0DD00DFE009 /* StoreType.swift in Sources */,
				8873E2381C51E0DD00DFE009 /* CoreDataStack.swift in Sources */,
				298F00F81C9C559100AEC77E /* Migrate.swift in Sources */,
				8873E2371C51E0DD00DFE009 /* SaveResult.swift in Sources */,
				8873E2361C51E0DD00DFE009 /* CoreDataModel.swift in Sources */,
				52351A0D1CD8AA2D0037010F /* Utils.swift in Sources */,
				8873E2351C51E0DD00DFE009 /* CoreDataFunctions.swift in Sources */,
				8873E23A1C51E0DD00DFE009 /* StackResult.swift in Sources */,
				8873E2341C51E0DD00DFE009 /* Equatable.swift in Sources */,
			);
			runOnlyForDeploymentPostprocessing = 0;
		};
		88AC4B2E1C0FD8DA00A04563 /* Sources */ = {
			isa = PBXSourcesBuildPhase;
			buildActionMask = 2147483647;
			files = (
				8873E2491C51E0DE00DFE009 /* CoreDataStackFactory.swift in Sources */,
				8852A0D01D459048006538B9 /* CoreDataEntityProtocol.swift in Sources */,
				8873E24B1C51E0DE00DFE009 /* StoreType.swift in Sources */,
				8873E2481C51E0DE00DFE009 /* CoreDataStack.swift in Sources */,
				298F00FA1C9C559100AEC77E /* Migrate.swift in Sources */,
				8873E2471C51E0DE00DFE009 /* SaveResult.swift in Sources */,
				8873E2461C51E0DE00DFE009 /* CoreDataModel.swift in Sources */,
				52351A0F1CD8AA2D0037010F /* Utils.swift in Sources */,
				8873E2451C51E0DE00DFE009 /* CoreDataFunctions.swift in Sources */,
				8873E24A1C51E0DE00DFE009 /* StackResult.swift in Sources */,
				8873E2441C51E0DE00DFE009 /* Equatable.swift in Sources */,
			);
			runOnlyForDeploymentPostprocessing = 0;
		};
		88DF3CB61CDCE89000726A31 /* Sources */ = {
			isa = PBXSourcesBuildPhase;
			buildActionMask = 2147483647;
			files = (
				88DF3CCB1CDCE8D800726A31 /* PersistentStoreOptionsTests.swift in Sources */,
				88DF3CD21CDCE8D800726A31 /* StoreTypeTests.swift in Sources */,
				88DF3CC71CDCE8D800726A31 /* ExampleModelTests.swift in Sources */,
				88DF3CCC1CDCE8D800726A31 /* ResetStackTests.swift in Sources */,
				88DF3CCD1CDCE8D800726A31 /* SaveResultTests.swift in Sources */,
				88DF3CCA1CDCE8D800726A31 /* ModelTests.swift in Sources */,
				88DF3CD11CDCE8D800726A31 /* StackTests.swift in Sources */,
				88DF3CC91CDCE8D800726A31 /* MigrationTests.swift in Sources */,
				88DF3CCE1CDCE8D800726A31 /* SaveTests.swift in Sources */,
				88DF3CD31CDCE8D800726A31 /* TestCase.swift in Sources */,
				88DF3CD01CDCE8D800726A31 /* StackResultTests.swift in Sources */,
				88DF3CCF1CDCE8D800726A31 /* StackFactoryTests.swift in Sources */,
				88DF3CC51CDCE8D800726A31 /* ContextSyncTests.swift in Sources */,
			);
			runOnlyForDeploymentPostprocessing = 0;
		};
/* End PBXSourcesBuildPhase section */

/* Begin PBXTargetDependency section */
		292393AF1C6BC37E0025E6EF /* PBXTargetDependency */ = {
			isa = PBXTargetDependency;
			name = ExampleModel;
			targetProxy = 292393AE1C6BC37E0025E6EF /* PBXContainerItemProxy */;
		};
		881219CA1B361EAF005E5AA7 /* PBXTargetDependency */ = {
			isa = PBXTargetDependency;
			target = 88002D4E1AB8F546001787DB /* JSQCoreDataKit-iOS */;
			targetProxy = 881219C91B361EAF005E5AA7 /* PBXContainerItemProxy */;
		};
		88DF3CC11CDCE89000726A31 /* PBXTargetDependency */ = {
			isa = PBXTargetDependency;
			target = 88AC4B321C0FD8DA00A04563 /* JSQCoreDataKit-OSX */;
			targetProxy = 88DF3CC01CDCE89000726A31 /* PBXContainerItemProxy */;
		};
		88DF3CE91CDCF06200726A31 /* PBXTargetDependency */ = {
			isa = PBXTargetDependency;
			name = "ExampleModel-OSX";
			targetProxy = 88DF3CE81CDCF06200726A31 /* PBXContainerItemProxy */;
		};
/* End PBXTargetDependency section */

/* Begin XCBuildConfiguration section */
		88002D631AB8F547001787DB /* Debug */ = {
			isa = XCBuildConfiguration;
			buildSettings = {
				ALWAYS_SEARCH_USER_PATHS = NO;
				CLANG_CXX_LANGUAGE_STANDARD = "gnu++0x";
				CLANG_CXX_LIBRARY = "libc++";
				CLANG_ENABLE_MODULES = YES;
				CLANG_ENABLE_OBJC_ARC = YES;
				CLANG_WARN_BLOCK_CAPTURE_AUTORELEASING = YES;
				CLANG_WARN_BOOL_CONVERSION = YES;
				CLANG_WARN_COMMA = YES;
				CLANG_WARN_CONSTANT_CONVERSION = YES;
				CLANG_WARN_DIRECT_OBJC_ISA_USAGE = YES_ERROR;
				CLANG_WARN_EMPTY_BODY = YES;
				CLANG_WARN_ENUM_CONVERSION = YES;
				CLANG_WARN_INFINITE_RECURSION = YES;
				CLANG_WARN_INT_CONVERSION = YES;
				CLANG_WARN_NON_LITERAL_NULL_CONVERSION = YES;
				CLANG_WARN_OBJC_LITERAL_CONVERSION = YES;
				CLANG_WARN_OBJC_ROOT_CLASS = YES_ERROR;
				CLANG_WARN_RANGE_LOOP_ANALYSIS = YES;
				CLANG_WARN_STRICT_PROTOTYPES = YES;
				CLANG_WARN_SUSPICIOUS_MOVE = YES;
				CLANG_WARN_UNREACHABLE_CODE = YES;
				CLANG_WARN__DUPLICATE_METHOD_MATCH = YES;
				"CODE_SIGN_IDENTITY[sdk=iphoneos*]" = "iPhone Developer";
				COPY_PHASE_STRIP = NO;
				CURRENT_PROJECT_VERSION = 1;
				DEBUG_INFORMATION_FORMAT = "dwarf-with-dsym";
				ENABLE_STRICT_OBJC_MSGSEND = YES;
				ENABLE_TESTABILITY = YES;
				GCC_C_LANGUAGE_STANDARD = gnu99;
				GCC_DYNAMIC_NO_PIC = NO;
				GCC_NO_COMMON_BLOCKS = YES;
				GCC_OPTIMIZATION_LEVEL = 0;
				GCC_PREPROCESSOR_DEFINITIONS = (
					"DEBUG=1",
					"$(inherited)",
				);
				GCC_SYMBOLS_PRIVATE_EXTERN = NO;
				GCC_WARN_64_TO_32_BIT_CONVERSION = YES;
				GCC_WARN_ABOUT_RETURN_TYPE = YES_ERROR;
				GCC_WARN_UNDECLARED_SELECTOR = YES;
				GCC_WARN_UNINITIALIZED_AUTOS = YES_AGGRESSIVE;
				GCC_WARN_UNUSED_FUNCTION = YES;
				GCC_WARN_UNUSED_VARIABLE = YES;
				IPHONEOS_DEPLOYMENT_TARGET = 9.0;
				MACOSX_DEPLOYMENT_TARGET = 10.10;
				MTL_ENABLE_DEBUG_INFO = YES;
				ONLY_ACTIVE_ARCH = YES;
				SDKROOT = iphoneos;
				SWIFT_OPTIMIZATION_LEVEL = "-Onone";
				SWIFT_VERSION = 4.0;
				TARGETED_DEVICE_FAMILY = "1,2";
				VERSIONING_SYSTEM = "apple-generic";
				VERSION_INFO_PREFIX = "";
			};
			name = Debug;
		};
		88002D641AB8F547001787DB /* Release */ = {
			isa = XCBuildConfiguration;
			buildSettings = {
				ALWAYS_SEARCH_USER_PATHS = NO;
				CLANG_CXX_LANGUAGE_STANDARD = "gnu++0x";
				CLANG_CXX_LIBRARY = "libc++";
				CLANG_ENABLE_MODULES = YES;
				CLANG_ENABLE_OBJC_ARC = YES;
				CLANG_WARN_BLOCK_CAPTURE_AUTORELEASING = YES;
				CLANG_WARN_BOOL_CONVERSION = YES;
				CLANG_WARN_COMMA = YES;
				CLANG_WARN_CONSTANT_CONVERSION = YES;
				CLANG_WARN_DIRECT_OBJC_ISA_USAGE = YES_ERROR;
				CLANG_WARN_EMPTY_BODY = YES;
				CLANG_WARN_ENUM_CONVERSION = YES;
				CLANG_WARN_INFINITE_RECURSION = YES;
				CLANG_WARN_INT_CONVERSION = YES;
				CLANG_WARN_NON_LITERAL_NULL_CONVERSION = YES;
				CLANG_WARN_OBJC_LITERAL_CONVERSION = YES;
				CLANG_WARN_OBJC_ROOT_CLASS = YES_ERROR;
				CLANG_WARN_RANGE_LOOP_ANALYSIS = YES;
				CLANG_WARN_STRICT_PROTOTYPES = YES;
				CLANG_WARN_SUSPICIOUS_MOVE = YES;
				CLANG_WARN_UNREACHABLE_CODE = YES;
				CLANG_WARN__DUPLICATE_METHOD_MATCH = YES;
				"CODE_SIGN_IDENTITY[sdk=iphoneos*]" = "iPhone Developer";
				COPY_PHASE_STRIP = NO;
				CURRENT_PROJECT_VERSION = 1;
				DEBUG_INFORMATION_FORMAT = "dwarf-with-dsym";
				ENABLE_NS_ASSERTIONS = NO;
				ENABLE_STRICT_OBJC_MSGSEND = YES;
				GCC_C_LANGUAGE_STANDARD = gnu99;
				GCC_NO_COMMON_BLOCKS = YES;
				GCC_WARN_64_TO_32_BIT_CONVERSION = YES;
				GCC_WARN_ABOUT_RETURN_TYPE = YES_ERROR;
				GCC_WARN_UNDECLARED_SELECTOR = YES;
				GCC_WARN_UNINITIALIZED_AUTOS = YES_AGGRESSIVE;
				GCC_WARN_UNUSED_FUNCTION = YES;
				GCC_WARN_UNUSED_VARIABLE = YES;
				IPHONEOS_DEPLOYMENT_TARGET = 9.0;
				MACOSX_DEPLOYMENT_TARGET = 10.10;
				MTL_ENABLE_DEBUG_INFO = NO;
				SDKROOT = iphoneos;
				SWIFT_VERSION = 4.0;
				TARGETED_DEVICE_FAMILY = "1,2";
				VALIDATE_PRODUCT = YES;
				VERSIONING_SYSTEM = "apple-generic";
				VERSION_INFO_PREFIX = "";
			};
			name = Release;
		};
		88002D661AB8F547001787DB /* Debug */ = {
			isa = XCBuildConfiguration;
			buildSettings = {
				CLANG_ANALYZER_SECURITY_FLOATLOOPCOUNTER = YES;
				CLANG_ENABLE_MODULES = YES;
				CLANG_WARN_OBJC_IMPLICIT_RETAIN_SELF = YES;
				"CODE_SIGN_IDENTITY[sdk=iphoneos*]" = "";
				DEFINES_MODULE = YES;
				DEVELOPMENT_TEAM = "";
				DYLIB_COMPATIBILITY_VERSION = 1;
				DYLIB_CURRENT_VERSION = 1;
				DYLIB_INSTALL_NAME_BASE = "@rpath";
				FRAMEWORK_SEARCH_PATHS = "$(inherited)";
				GCC_GENERATE_TEST_COVERAGE_FILES = YES;
				GCC_TREAT_WARNINGS_AS_ERRORS = YES;
				GCC_WARN_ABOUT_MISSING_NEWLINE = YES;
				GCC_WARN_PEDANTIC = NO;
				INFOPLIST_FILE = "$(SRCROOT)/Source/Info.plist";
				INSTALL_PATH = "$(LOCAL_LIBRARY_DIR)/Frameworks";
				IPHONEOS_DEPLOYMENT_TARGET = 9.0;
				LD_RUNPATH_SEARCH_PATHS = "$(inherited)";
				PRODUCT_BUNDLE_IDENTIFIER = "com.hexedbits.$(PRODUCT_NAME:rfc1034identifier)";
				PRODUCT_NAME = JSQCoreDataKit;
				SKIP_INSTALL = YES;
				SWIFT_OPTIMIZATION_LEVEL = "-Onone";
				SWIFT_VERSION = 4.0;
			};
			name = Debug;
		};
		88002D671AB8F547001787DB /* Release */ = {
			isa = XCBuildConfiguration;
			buildSettings = {
				CLANG_ANALYZER_SECURITY_FLOATLOOPCOUNTER = YES;
				CLANG_ENABLE_MODULES = YES;
				CLANG_WARN_OBJC_IMPLICIT_RETAIN_SELF = YES;
				"CODE_SIGN_IDENTITY[sdk=iphoneos*]" = "";
				DEFINES_MODULE = YES;
				DEVELOPMENT_TEAM = "";
				DYLIB_COMPATIBILITY_VERSION = 1;
				DYLIB_CURRENT_VERSION = 1;
				DYLIB_INSTALL_NAME_BASE = "@rpath";
				ENABLE_TESTABILITY = NO;
				FRAMEWORK_SEARCH_PATHS = "$(inherited)";
				GCC_GENERATE_TEST_COVERAGE_FILES = YES;
				GCC_TREAT_WARNINGS_AS_ERRORS = YES;
				GCC_WARN_ABOUT_MISSING_NEWLINE = YES;
				GCC_WARN_PEDANTIC = NO;
				INFOPLIST_FILE = "$(SRCROOT)/Source/Info.plist";
				INSTALL_PATH = "$(LOCAL_LIBRARY_DIR)/Frameworks";
				IPHONEOS_DEPLOYMENT_TARGET = 9.0;
				LD_RUNPATH_SEARCH_PATHS = "$(inherited)";
				PRODUCT_BUNDLE_IDENTIFIER = "com.hexedbits.$(PRODUCT_NAME:rfc1034identifier)";
				PRODUCT_NAME = JSQCoreDataKit;
				SKIP_INSTALL = YES;
				SWIFT_OPTIMIZATION_LEVEL = "-Owholemodule";
				SWIFT_VERSION = 4.0;
			};
			name = Release;
		};
		881219CC1B361EAF005E5AA7 /* Debug */ = {
			isa = XCBuildConfiguration;
			buildSettings = {
				CLANG_ENABLE_MODULES = YES;
				"CODE_SIGN_IDENTITY[sdk=iphoneos*]" = "iPhone Developer";
				DEBUG_INFORMATION_FORMAT = dwarf;
				DEVELOPMENT_TEAM = "";
				INFOPLIST_FILE = Tests/Info.plist;
				IPHONEOS_DEPLOYMENT_TARGET = 9.0;
				LD_RUNPATH_SEARCH_PATHS = "$(inherited) @executable_path/Frameworks @loader_path/Frameworks";
				PRODUCT_BUNDLE_IDENTIFIER = com.hexedbits.JSQCoreDataKitTests;
				PRODUCT_NAME = "$(TARGET_NAME)";
				SWIFT_OPTIMIZATION_LEVEL = "-Onone";
				SWIFT_VERSION = 4.0;
			};
			name = Debug;
		};
		881219CD1B361EAF005E5AA7 /* Release */ = {
			isa = XCBuildConfiguration;
			buildSettings = {
				CLANG_ENABLE_MODULES = YES;
				"CODE_SIGN_IDENTITY[sdk=iphoneos*]" = "iPhone Developer";
				DEVELOPMENT_TEAM = "";
				INFOPLIST_FILE = Tests/Info.plist;
				IPHONEOS_DEPLOYMENT_TARGET = 9.0;
				LD_RUNPATH_SEARCH_PATHS = "$(inherited) @executable_path/Frameworks @loader_path/Frameworks";
				PRODUCT_BUNDLE_IDENTIFIER = com.hexedbits.JSQCoreDataKitTests;
				PRODUCT_NAME = "$(TARGET_NAME)";
				SWIFT_OPTIMIZATION_LEVEL = "-Owholemodule";
				SWIFT_VERSION = 4.0;
			};
			name = Release;
		};
		883C83E11C0D7647007A16F5 /* Debug */ = {
			isa = XCBuildConfiguration;
			buildSettings = {
				APPLICATION_EXTENSION_API_ONLY = YES;
				"CODE_SIGN_IDENTITY[sdk=watchos*]" = "iPhone Developer";
				CODE_SIGN_STYLE = Manual;
				DEBUG_INFORMATION_FORMAT = dwarf;
				DEFINES_MODULE = YES;
				DEVELOPMENT_TEAM = "";
				DYLIB_COMPATIBILITY_VERSION = 1;
				DYLIB_CURRENT_VERSION = 1;
				DYLIB_INSTALL_NAME_BASE = "@rpath";
				INFOPLIST_FILE = Source/Info.plist;
				INSTALL_PATH = "$(LOCAL_LIBRARY_DIR)/Frameworks";
				LD_RUNPATH_SEARCH_PATHS = "$(inherited) @executable_path/Frameworks @loader_path/Frameworks";
				PRODUCT_BUNDLE_IDENTIFIER = com.hexedbits.JSQCoreDataKit;
				PRODUCT_NAME = JSQCoreDataKit;
				PROVISIONING_PROFILE_SPECIFIER = "";
				SDKROOT = watchos;
				SKIP_INSTALL = YES;
				SWIFT_VERSION = 4.0;
				TARGETED_DEVICE_FAMILY = 4;
				WATCHOS_DEPLOYMENT_TARGET = 3.0;
			};
			name = Debug;
		};
		883C83E21C0D7647007A16F5 /* Release */ = {
			isa = XCBuildConfiguration;
			buildSettings = {
				APPLICATION_EXTENSION_API_ONLY = YES;
				"CODE_SIGN_IDENTITY[sdk=watchos*]" = "iPhone Developer";
				CODE_SIGN_STYLE = Manual;
				DEFINES_MODULE = YES;
				DEVELOPMENT_TEAM = "";
				DYLIB_COMPATIBILITY_VERSION = 1;
				DYLIB_CURRENT_VERSION = 1;
				DYLIB_INSTALL_NAME_BASE = "@rpath";
				INFOPLIST_FILE = Source/Info.plist;
				INSTALL_PATH = "$(LOCAL_LIBRARY_DIR)/Frameworks";
				LD_RUNPATH_SEARCH_PATHS = "$(inherited) @executable_path/Frameworks @loader_path/Frameworks";
				PRODUCT_BUNDLE_IDENTIFIER = com.hexedbits.JSQCoreDataKit;
				PRODUCT_NAME = JSQCoreDataKit;
				PROVISIONING_PROFILE_SPECIFIER = "";
				SDKROOT = watchos;
				SKIP_INSTALL = YES;
				SWIFT_OPTIMIZATION_LEVEL = "-Owholemodule";
				SWIFT_VERSION = 4.0;
				TARGETED_DEVICE_FAMILY = 4;
				WATCHOS_DEPLOYMENT_TARGET = 3.0;
			};
			name = Release;
		};
		887403181C0D6A6D00FE0C31 /* Debug */ = {
			isa = XCBuildConfiguration;
			buildSettings = {
				"CODE_SIGN_IDENTITY[sdk=appletvos*]" = "";
				DEBUG_INFORMATION_FORMAT = dwarf;
				DEFINES_MODULE = YES;
				DYLIB_COMPATIBILITY_VERSION = 1;
				DYLIB_CURRENT_VERSION = 1;
				DYLIB_INSTALL_NAME_BASE = "@rpath";
				INFOPLIST_FILE = "$(SRCROOT)/Source/Info.plist";
				INSTALL_PATH = "$(LOCAL_LIBRARY_DIR)/Frameworks";
				LD_RUNPATH_SEARCH_PATHS = "$(inherited) @executable_path/Frameworks @loader_path/Frameworks";
				PRODUCT_BUNDLE_IDENTIFIER = com.hexedbits.JSQCoreDataKit;
				PRODUCT_NAME = JSQCoreDataKit;
				SDKROOT = appletvos;
				SKIP_INSTALL = YES;
				SWIFT_VERSION = 4.0;
				TARGETED_DEVICE_FAMILY = 3;
				TVOS_DEPLOYMENT_TARGET = 10.0;
			};
			name = Debug;
		};
		887403191C0D6A6D00FE0C31 /* Release */ = {
			isa = XCBuildConfiguration;
			buildSettings = {
				"CODE_SIGN_IDENTITY[sdk=appletvos*]" = "";
				DEFINES_MODULE = YES;
				DYLIB_COMPATIBILITY_VERSION = 1;
				DYLIB_CURRENT_VERSION = 1;
				DYLIB_INSTALL_NAME_BASE = "@rpath";
				INFOPLIST_FILE = "$(SRCROOT)/Source/Info.plist";
				INSTALL_PATH = "$(LOCAL_LIBRARY_DIR)/Frameworks";
				LD_RUNPATH_SEARCH_PATHS = "$(inherited) @executable_path/Frameworks @loader_path/Frameworks";
				PRODUCT_BUNDLE_IDENTIFIER = com.hexedbits.JSQCoreDataKit;
				PRODUCT_NAME = JSQCoreDataKit;
				SDKROOT = appletvos;
				SKIP_INSTALL = YES;
				SWIFT_OPTIMIZATION_LEVEL = "-Owholemodule";
				SWIFT_VERSION = 4.0;
				TARGETED_DEVICE_FAMILY = 3;
				TVOS_DEPLOYMENT_TARGET = 10.0;
			};
			name = Release;
		};
		88AC4B381C0FD8DB00A04563 /* Debug */ = {
			isa = XCBuildConfiguration;
			buildSettings = {
				CODE_SIGN_IDENTITY = "";
				COMBINE_HIDPI_IMAGES = YES;
				DEBUG_INFORMATION_FORMAT = dwarf;
				DEFINES_MODULE = YES;
				DEVELOPMENT_TEAM = "";
				DYLIB_COMPATIBILITY_VERSION = 1;
				DYLIB_CURRENT_VERSION = 1;
				DYLIB_INSTALL_NAME_BASE = "@rpath";
				FRAMEWORK_VERSION = A;
				INFOPLIST_FILE = "$(SRCROOT)/Source/Info.plist";
				INSTALL_PATH = "$(LOCAL_LIBRARY_DIR)/Frameworks";
				LD_RUNPATH_SEARCH_PATHS = "$(inherited) @executable_path/../Frameworks @loader_path/Frameworks";
				MACOSX_DEPLOYMENT_TARGET = 10.11;
				PRODUCT_BUNDLE_IDENTIFIER = "com.hexedbits.JSQCoreDataKit-OSX";
				PRODUCT_NAME = JSQCoreDataKit;
				SDKROOT = macosx;
				SKIP_INSTALL = YES;
				SWIFT_VERSION = 4.0;
			};
			name = Debug;
		};
		88AC4B391C0FD8DB00A04563 /* Release */ = {
			isa = XCBuildConfiguration;
			buildSettings = {
				CODE_SIGN_IDENTITY = "";
				COMBINE_HIDPI_IMAGES = YES;
				DEFINES_MODULE = YES;
				DEVELOPMENT_TEAM = "";
				DYLIB_COMPATIBILITY_VERSION = 1;
				DYLIB_CURRENT_VERSION = 1;
				DYLIB_INSTALL_NAME_BASE = "@rpath";
				FRAMEWORK_VERSION = A;
				INFOPLIST_FILE = "$(SRCROOT)/Source/Info.plist";
				INSTALL_PATH = "$(LOCAL_LIBRARY_DIR)/Frameworks";
				LD_RUNPATH_SEARCH_PATHS = "$(inherited) @executable_path/../Frameworks @loader_path/Frameworks";
				MACOSX_DEPLOYMENT_TARGET = 10.11;
				PRODUCT_BUNDLE_IDENTIFIER = "com.hexedbits.JSQCoreDataKit-OSX";
				PRODUCT_NAME = JSQCoreDataKit;
				SDKROOT = macosx;
				SKIP_INSTALL = YES;
				SWIFT_OPTIMIZATION_LEVEL = "-Owholemodule";
				SWIFT_VERSION = 4.0;
			};
			name = Release;
		};
		88DF3CC21CDCE89000726A31 /* Debug */ = {
			isa = XCBuildConfiguration;
			buildSettings = {
				CLANG_ANALYZER_NONNULL = YES;
				CODE_SIGN_IDENTITY = "Mac Developer";
				CODE_SIGN_STYLE = Manual;
				COMBINE_HIDPI_IMAGES = YES;
				DEBUG_INFORMATION_FORMAT = dwarf;
				DEVELOPMENT_TEAM = "";
				INFOPLIST_FILE = Tests/Info.plist;
				LD_RUNPATH_SEARCH_PATHS = "$(inherited) @executable_path/../Frameworks @loader_path/../Frameworks";
				MACOSX_DEPLOYMENT_TARGET = 10.11;
				PRODUCT_BUNDLE_IDENTIFIER = "com.hexedbits.JSQCoreDataKit-OSXTests";
				PRODUCT_NAME = "$(TARGET_NAME)";
				PROVISIONING_PROFILE_SPECIFIER = "";
				SDKROOT = macosx;
				SWIFT_VERSION = 4.0;
			};
			name = Debug;
		};
		88DF3CC31CDCE89000726A31 /* Release */ = {
			isa = XCBuildConfiguration;
			buildSettings = {
				CLANG_ANALYZER_NONNULL = YES;
				CODE_SIGN_IDENTITY = "Mac Developer";
				CODE_SIGN_STYLE = Manual;
				COMBINE_HIDPI_IMAGES = YES;
				DEVELOPMENT_TEAM = "";
				INFOPLIST_FILE = Tests/Info.plist;
				LD_RUNPATH_SEARCH_PATHS = "$(inherited) @executable_path/../Frameworks @loader_path/../Frameworks";
				MACOSX_DEPLOYMENT_TARGET = 10.11;
				PRODUCT_BUNDLE_IDENTIFIER = "com.hexedbits.JSQCoreDataKit-OSXTests";
				PRODUCT_NAME = "$(TARGET_NAME)";
				PROVISIONING_PROFILE_SPECIFIER = "";
				SDKROOT = macosx;
				SWIFT_OPTIMIZATION_LEVEL = "-Owholemodule";
				SWIFT_VERSION = 4.0;
			};
			name = Release;
		};
/* End XCBuildConfiguration section */

/* Begin XCConfigurationList section */
		88002D491AB8F546001787DB /* Build configuration list for PBXProject "JSQCoreDataKit" */ = {
			isa = XCConfigurationList;
			buildConfigurations = (
				88002D631AB8F547001787DB /* Debug */,
				88002D641AB8F547001787DB /* Release */,
			);
			defaultConfigurationIsVisible = 0;
			defaultConfigurationName = Release;
		};
		88002D651AB8F547001787DB /* Build configuration list for PBXNativeTarget "JSQCoreDataKit-iOS" */ = {
			isa = XCConfigurationList;
			buildConfigurations = (
				88002D661AB8F547001787DB /* Debug */,
				88002D671AB8F547001787DB /* Release */,
			);
			defaultConfigurationIsVisible = 0;
			defaultConfigurationName = Release;
		};
		881219CB1B361EAF005E5AA7 /* Build configuration list for PBXNativeTarget "JSQCoreDataKit-iOSTests" */ = {
			isa = XCConfigurationList;
			buildConfigurations = (
				881219CC1B361EAF005E5AA7 /* Debug */,
				881219CD1B361EAF005E5AA7 /* Release */,
			);
			defaultConfigurationIsVisible = 0;
			defaultConfigurationName = Release;
		};
		883C83E01C0D7647007A16F5 /* Build configuration list for PBXNativeTarget "JSQCoreDataKit-watchOS" */ = {
			isa = XCConfigurationList;
			buildConfigurations = (
				883C83E11C0D7647007A16F5 /* Debug */,
				883C83E21C0D7647007A16F5 /* Release */,
			);
			defaultConfigurationIsVisible = 0;
			defaultConfigurationName = Release;
		};
		8874031B1C0D6A6D00FE0C31 /* Build configuration list for PBXNativeTarget "JSQCoreDataKit-tvOS" */ = {
			isa = XCConfigurationList;
			buildConfigurations = (
				887403181C0D6A6D00FE0C31 /* Debug */,
				887403191C0D6A6D00FE0C31 /* Release */,
			);
			defaultConfigurationIsVisible = 0;
			defaultConfigurationName = Release;
		};
		88AC4B3B1C0FD8DB00A04563 /* Build configuration list for PBXNativeTarget "JSQCoreDataKit-OSX" */ = {
			isa = XCConfigurationList;
			buildConfigurations = (
				88AC4B381C0FD8DB00A04563 /* Debug */,
				88AC4B391C0FD8DB00A04563 /* Release */,
			);
			defaultConfigurationIsVisible = 0;
			defaultConfigurationName = Release;
		};
		88DF3CC41CDCE89000726A31 /* Build configuration list for PBXNativeTarget "JSQCoreDataKit-OSXTests" */ = {
			isa = XCConfigurationList;
			buildConfigurations = (
				88DF3CC21CDCE89000726A31 /* Debug */,
				88DF3CC31CDCE89000726A31 /* Release */,
			);
			defaultConfigurationIsVisible = 0;
			defaultConfigurationName = Release;
		};
/* End XCConfigurationList section */
	};
	rootObject = 88002D461AB8F546001787DB /* Project object */;
}
