// !$*UTF8*$!
{
	archiveVersion = 1;
	classes = {
	};
	objectVersion = 46;
	objects = {

/* Begin PBXBuildFile section */
		297C7D2D1C710A1D008E516B /* MigrationTests.swift in Sources */ = {isa = PBXBuildFile; fileRef = 297C7D2C1C710A1D008E516B /* MigrationTests.swift */; };
		298F00F71C9C559100AEC77E /* Migrate.swift in Sources */ = {isa = PBXBuildFile; fileRef = 298F00F61C9C559100AEC77E /* Migrate.swift */; };
		881219C81B361EAF005E5AA7 /* JSQCoreDataKit.framework in Frameworks */ = {isa = PBXBuildFile; fileRef = 88002D4F1AB8F546001787DB /* JSQCoreDataKit.framework */; };
		8852A0CD1D459048006538B9 /* CoreDataEntityProtocol.swift in Sources */ = {isa = PBXBuildFile; fileRef = 8852A0CC1D459048006538B9 /* CoreDataEntityProtocol.swift */; };
		8852A0D21D459249006538B9 /* CoreDataEntityProtocolTests.swift in Sources */ = {isa = PBXBuildFile; fileRef = 8852A0D11D459249006538B9 /* CoreDataEntityProtocolTests.swift */; };
		8873E2281C51E09700DFE009 /* NSManagedObjectContext+Extensions.swift in Sources */ = {isa = PBXBuildFile; fileRef = 8873E21E1C51E09700DFE009 /* NSManagedObjectContext+Extensions.swift */; };
		8873E2291C51E09700DFE009 /* CoreDataModel.swift in Sources */ = {isa = PBXBuildFile; fileRef = 8873E21F1C51E09700DFE009 /* CoreDataModel.swift */; };
		8873E22B1C51E09700DFE009 /* CoreDataStack.swift in Sources */ = {isa = PBXBuildFile; fileRef = 8873E2211C51E09700DFE009 /* CoreDataStack.swift */; };
		8873E22C1C51E09700DFE009 /* CoreDataStackProvider.swift in Sources */ = {isa = PBXBuildFile; fileRef = 8873E2221C51E09700DFE009 /* CoreDataStackProvider.swift */; };
		8873E22F1C51E09700DFE009 /* JSQCoreDataKit.h in Headers */ = {isa = PBXBuildFile; fileRef = 8873E2251C51E09700DFE009 /* JSQCoreDataKit.h */; settings = {ATTRIBUTES = (Public, ); }; };
		8873E2301C51E09700DFE009 /* StoreType.swift in Sources */ = {isa = PBXBuildFile; fileRef = 8873E2261C51E09700DFE009 /* StoreType.swift */; };
		8873E25C1C51E10100DFE009 /* ContextSyncTests.swift in Sources */ = {isa = PBXBuildFile; fileRef = 8873E24D1C51E10100DFE009 /* ContextSyncTests.swift */; };
		8873E25E1C51E10100DFE009 /* ExampleModelTests.swift in Sources */ = {isa = PBXBuildFile; fileRef = 8873E24F1C51E10100DFE009 /* ExampleModelTests.swift */; };
		8873E2611C51E10100DFE009 /* ModelTests.swift in Sources */ = {isa = PBXBuildFile; fileRef = 8873E2521C51E10100DFE009 /* ModelTests.swift */; };
		8873E2631C51E10100DFE009 /* ResetStackTests.swift in Sources */ = {isa = PBXBuildFile; fileRef = 8873E2541C51E10100DFE009 /* ResetStackTests.swift */; };
		8873E2651C51E10100DFE009 /* SaveTests.swift in Sources */ = {isa = PBXBuildFile; fileRef = 8873E2561C51E10100DFE009 /* SaveTests.swift */; };
		8873E2661C51E10100DFE009 /* StackFactoryTests.swift in Sources */ = {isa = PBXBuildFile; fileRef = 8873E2571C51E10100DFE009 /* StackFactoryTests.swift */; };
		8873E2681C51E10100DFE009 /* StackTests.swift in Sources */ = {isa = PBXBuildFile; fileRef = 8873E2591C51E10100DFE009 /* StackTests.swift */; };
		8873E2691C51E10100DFE009 /* StoreTypeTests.swift in Sources */ = {isa = PBXBuildFile; fileRef = 8873E25A1C51E10100DFE009 /* StoreTypeTests.swift */; };
		8873E26A1C51E10100DFE009 /* TestCase.swift in Sources */ = {isa = PBXBuildFile; fileRef = 8873E25B1C51E10100DFE009 /* TestCase.swift */; };
		8873E2C11C51E3D400DFE009 /* ExampleModel.framework in Frameworks */ = {isa = PBXBuildFile; fileRef = 8873E2C01C51E3B000DFE009 /* ExampleModel.framework */; };
/* End PBXBuildFile section */

/* Begin PBXContainerItemProxy section */
		292393AE1C6BC37E0025E6EF /* PBXContainerItemProxy */ = {
			isa = PBXContainerItemProxy;
			containerPortal = 8873E2BB1C51E3B000DFE009 /* ExampleModel.xcodeproj */;
			proxyType = 1;
			remoteGlobalIDString = 885394491BC9EA0300699506;
			remoteInfo = ExampleModel;
		};
		881219C91B361EAF005E5AA7 /* PBXContainerItemProxy */ = {
			isa = PBXContainerItemProxy;
			containerPortal = 88002D461AB8F546001787DB /* Project object */;
			proxyType = 1;
			remoteGlobalIDString = 88002D4E1AB8F546001787DB;
			remoteInfo = JSQCoreDataKit;
		};
		8873E2BF1C51E3B000DFE009 /* PBXContainerItemProxy */ = {
			isa = PBXContainerItemProxy;
			containerPortal = 8873E2BB1C51E3B000DFE009 /* ExampleModel.xcodeproj */;
			proxyType = 2;
			remoteGlobalIDString = 8853944A1BC9EA0300699506;
			remoteInfo = ExampleModel;
		};
/* End PBXContainerItemProxy section */

/* Begin PBXFileReference section */
		297C7D2C1C710A1D008E516B /* MigrationTests.swift */ = {isa = PBXFileReference; fileEncoding = 4; lastKnownFileType = sourcecode.swift; path = MigrationTests.swift; sourceTree = "<group>"; };
		298F00F61C9C559100AEC77E /* Migrate.swift */ = {isa = PBXFileReference; fileEncoding = 4; lastKnownFileType = sourcecode.swift; path = Migrate.swift; sourceTree = "<group>"; };
		88002D4F1AB8F546001787DB /* JSQCoreDataKit.framework */ = {isa = PBXFileReference; explicitFileType = wrapper.framework; includeInIndex = 0; path = JSQCoreDataKit.framework; sourceTree = BUILT_PRODUCTS_DIR; };
		881219C31B361EAF005E5AA7 /* JSQCoreDataKit-Tests.xctest */ = {isa = PBXFileReference; explicitFileType = wrapper.cfbundle; includeInIndex = 0; path = "JSQCoreDataKit-Tests.xctest"; sourceTree = BUILT_PRODUCTS_DIR; };
		8852A0CC1D459048006538B9 /* CoreDataEntityProtocol.swift */ = {isa = PBXFileReference; fileEncoding = 4; lastKnownFileType = sourcecode.swift; path = CoreDataEntityProtocol.swift; sourceTree = "<group>"; };
		8852A0D11D459249006538B9 /* CoreDataEntityProtocolTests.swift */ = {isa = PBXFileReference; fileEncoding = 4; lastKnownFileType = sourcecode.swift; path = CoreDataEntityProtocolTests.swift; sourceTree = "<group>"; };
		8873E21E1C51E09700DFE009 /* NSManagedObjectContext+Extensions.swift */ = {isa = PBXFileReference; fileEncoding = 4; lastKnownFileType = sourcecode.swift; path = "NSManagedObjectContext+Extensions.swift"; sourceTree = "<group>"; };
		8873E21F1C51E09700DFE009 /* CoreDataModel.swift */ = {isa = PBXFileReference; fileEncoding = 4; lastKnownFileType = sourcecode.swift; path = CoreDataModel.swift; sourceTree = "<group>"; };
		8873E2211C51E09700DFE009 /* CoreDataStack.swift */ = {isa = PBXFileReference; fileEncoding = 4; lastKnownFileType = sourcecode.swift; path = CoreDataStack.swift; sourceTree = "<group>"; };
		8873E2221C51E09700DFE009 /* CoreDataStackProvider.swift */ = {isa = PBXFileReference; fileEncoding = 4; lastKnownFileType = sourcecode.swift; path = CoreDataStackProvider.swift; sourceTree = "<group>"; };
		8873E2241C51E09700DFE009 /* Info.plist */ = {isa = PBXFileReference; fileEncoding = 4; lastKnownFileType = text.plist.xml; path = Info.plist; sourceTree = "<group>"; };
		8873E2251C51E09700DFE009 /* JSQCoreDataKit.h */ = {isa = PBXFileReference; fileEncoding = 4; lastKnownFileType = sourcecode.c.h; path = JSQCoreDataKit.h; sourceTree = "<group>"; };
		8873E2261C51E09700DFE009 /* StoreType.swift */ = {isa = PBXFileReference; fileEncoding = 4; lastKnownFileType = sourcecode.swift; path = StoreType.swift; sourceTree = "<group>"; };
		8873E24D1C51E10100DFE009 /* ContextSyncTests.swift */ = {isa = PBXFileReference; fileEncoding = 4; lastKnownFileType = sourcecode.swift; path = ContextSyncTests.swift; sourceTree = "<group>"; };
		8873E24F1C51E10100DFE009 /* ExampleModelTests.swift */ = {isa = PBXFileReference; fileEncoding = 4; lastKnownFileType = sourcecode.swift; path = ExampleModelTests.swift; sourceTree = "<group>"; };
		8873E2511C51E10100DFE009 /* Info.plist */ = {isa = PBXFileReference; fileEncoding = 4; lastKnownFileType = text.plist.xml; path = Info.plist; sourceTree = "<group>"; };
		8873E2521C51E10100DFE009 /* ModelTests.swift */ = {isa = PBXFileReference; fileEncoding = 4; lastKnownFileType = sourcecode.swift; path = ModelTests.swift; sourceTree = "<group>"; };
		8873E2541C51E10100DFE009 /* ResetStackTests.swift */ = {isa = PBXFileReference; fileEncoding = 4; lastKnownFileType = sourcecode.swift; path = ResetStackTests.swift; sourceTree = "<group>"; };
		8873E2561C51E10100DFE009 /* SaveTests.swift */ = {isa = PBXFileReference; fileEncoding = 4; lastKnownFileType = sourcecode.swift; path = SaveTests.swift; sourceTree = "<group>"; };
		8873E2571C51E10100DFE009 /* StackFactoryTests.swift */ = {isa = PBXFileReference; fileEncoding = 4; lastKnownFileType = sourcecode.swift; path = StackFactoryTests.swift; sourceTree = "<group>"; };
		8873E2591C51E10100DFE009 /* StackTests.swift */ = {isa = PBXFileReference; fileEncoding = 4; lastKnownFileType = sourcecode.swift; path = StackTests.swift; sourceTree = "<group>"; };
		8873E25A1C51E10100DFE009 /* StoreTypeTests.swift */ = {isa = PBXFileReference; fileEncoding = 4; lastKnownFileType = sourcecode.swift; path = StoreTypeTests.swift; sourceTree = "<group>"; };
		8873E25B1C51E10100DFE009 /* TestCase.swift */ = {isa = PBXFileReference; fileEncoding = 4; lastKnownFileType = sourcecode.swift; path = TestCase.swift; sourceTree = "<group>"; };
		8873E2BB1C51E3B000DFE009 /* ExampleModel.xcodeproj */ = {isa = PBXFileReference; lastKnownFileType = "wrapper.pb-project"; name = ExampleModel.xcodeproj; path = Example/ExampleModel/ExampleModel.xcodeproj; sourceTree = SOURCE_ROOT; };
/* End PBXFileReference section */

/* Begin PBXFrameworksBuildPhase section */
		88002D4B1AB8F546001787DB /* Frameworks */ = {
			isa = PBXFrameworksBuildPhase;
			buildActionMask = 2147483647;
			files = (
			);
			runOnlyForDeploymentPostprocessing = 0;
		};
		881219C01B361EAF005E5AA7 /* Frameworks */ = {
			isa = PBXFrameworksBuildPhase;
			buildActionMask = 2147483647;
			files = (
				8873E2C11C51E3D400DFE009 /* ExampleModel.framework in Frameworks */,
				881219C81B361EAF005E5AA7 /* JSQCoreDataKit.framework in Frameworks */,
			);
			runOnlyForDeploymentPostprocessing = 0;
		};
/* End PBXFrameworksBuildPhase section */

/* Begin PBXGroup section */
		88002D451AB8F546001787DB = {
			isa = PBXGroup;
			children = (
				8873E21C1C51E09700DFE009 /* Sources */,
				8873E24C1C51E10100DFE009 /* Tests */,
				88002D501AB8F546001787DB /* Products */,
			);
			sourceTree = "<group>";
		};
		88002D501AB8F546001787DB /* Products */ = {
			isa = PBXGroup;
			children = (
				88002D4F1AB8F546001787DB /* JSQCoreDataKit.framework */,
				881219C31B361EAF005E5AA7 /* JSQCoreDataKit-Tests.xctest */,
			);
			name = Products;
			sourceTree = "<group>";
		};
		8873E21C1C51E09700DFE009 /* Sources */ = {
			isa = PBXGroup;
			children = (
				8852A0CC1D459048006538B9 /* CoreDataEntityProtocol.swift */,
				8873E21F1C51E09700DFE009 /* CoreDataModel.swift */,
				8873E2211C51E09700DFE009 /* CoreDataStack.swift */,
				8873E2221C51E09700DFE009 /* CoreDataStackProvider.swift */,
				8873E2241C51E09700DFE009 /* Info.plist */,
				8873E2251C51E09700DFE009 /* JSQCoreDataKit.h */,
				298F00F61C9C559100AEC77E /* Migrate.swift */,
				8873E21E1C51E09700DFE009 /* NSManagedObjectContext+Extensions.swift */,
				8873E2261C51E09700DFE009 /* StoreType.swift */,
			);
			path = Sources;
			sourceTree = "<group>";
		};
		8873E24C1C51E10100DFE009 /* Tests */ = {
			isa = PBXGroup;
			children = (
				8873E24D1C51E10100DFE009 /* ContextSyncTests.swift */,
				8852A0D11D459249006538B9 /* CoreDataEntityProtocolTests.swift */,
				8873E2BB1C51E3B000DFE009 /* ExampleModel.xcodeproj */,
				8873E24F1C51E10100DFE009 /* ExampleModelTests.swift */,
				8873E2511C51E10100DFE009 /* Info.plist */,
				297C7D2C1C710A1D008E516B /* MigrationTests.swift */,
				8873E2521C51E10100DFE009 /* ModelTests.swift */,
				8873E2541C51E10100DFE009 /* ResetStackTests.swift */,
				8873E2561C51E10100DFE009 /* SaveTests.swift */,
				8873E2571C51E10100DFE009 /* StackFactoryTests.swift */,
				8873E2591C51E10100DFE009 /* StackTests.swift */,
				8873E25A1C51E10100DFE009 /* StoreTypeTests.swift */,
				8873E25B1C51E10100DFE009 /* TestCase.swift */,
			);
			path = Tests;
			sourceTree = "<group>";
		};
		8873E2BC1C51E3B000DFE009 /* Products */ = {
			isa = PBXGroup;
			children = (
				8873E2C01C51E3B000DFE009 /* ExampleModel.framework */,
			);
			name = Products;
			sourceTree = "<group>";
		};
/* End PBXGroup section */

/* Begin PBXHeadersBuildPhase section */
		88002D4C1AB8F546001787DB /* Headers */ = {
			isa = PBXHeadersBuildPhase;
			buildActionMask = 2147483647;
			files = (
				8873E22F1C51E09700DFE009 /* JSQCoreDataKit.h in Headers */,
			);
			runOnlyForDeploymentPostprocessing = 0;
		};
/* End PBXHeadersBuildPhase section */

/* Begin PBXNativeTarget section */
		88002D4E1AB8F546001787DB /* JSQCoreDataKit */ = {
			isa = PBXNativeTarget;
			buildConfigurationList = 88002D651AB8F547001787DB /* Build configuration list for PBXNativeTarget "JSQCoreDataKit" */;
			buildPhases = (
				88002D4A1AB8F546001787DB /* Sources */,
				88002D4B1AB8F546001787DB /* Frameworks */,
				88002D4C1AB8F546001787DB /* Headers */,
				88002D4D1AB8F546001787DB /* Resources */,
				882986082006938A008DD41B /* SwiftLint */,
			);
			buildRules = (
			);
			dependencies = (
			);
			name = JSQCoreDataKit;
			productName = JSQCoreDataKit;
			productReference = 88002D4F1AB8F546001787DB /* JSQCoreDataKit.framework */;
			productType = "com.apple.product-type.framework";
		};
		881219C21B361EAF005E5AA7 /* JSQCoreDataKit-Tests */ = {
			isa = PBXNativeTarget;
			buildConfigurationList = 881219CB1B361EAF005E5AA7 /* Build configuration list for PBXNativeTarget "JSQCoreDataKit-Tests" */;
			buildPhases = (
				881219BF1B361EAF005E5AA7 /* Sources */,
				881219C01B361EAF005E5AA7 /* Frameworks */,
				881219C11B361EAF005E5AA7 /* Resources */,
			);
			buildRules = (
			);
			dependencies = (
				292393AF1C6BC37E0025E6EF /* PBXTargetDependency */,
				881219CA1B361EAF005E5AA7 /* PBXTargetDependency */,
			);
			name = "JSQCoreDataKit-Tests";
			productName = JSQCoreDataKitTests;
			productReference = 881219C31B361EAF005E5AA7 /* JSQCoreDataKit-Tests.xctest */;
			productType = "com.apple.product-type.bundle.unit-test";
		};
/* End PBXNativeTarget section */

/* Begin PBXProject section */
		88002D461AB8F546001787DB /* Project object */ = {
			isa = PBXProject;
			attributes = {
				LastSwiftUpdateCheck = 0730;
				LastUpgradeCheck = 1100;
				ORGANIZATIONNAME = "Hexed Bits";
				TargetAttributes = {
					88002D4E1AB8F546001787DB = {
						CreatedOnToolsVersion = 6.3;
						DevelopmentTeamName = "Jesse Squires";
						LastSwiftMigration = 1100;
					};
					881219C21B361EAF005E5AA7 = {
						CreatedOnToolsVersion = 7.0;
						LastSwiftMigration = 1100;
						ProvisioningStyle = Manual;
					};
				};
			};
			buildConfigurationList = 88002D491AB8F546001787DB /* Build configuration list for PBXProject "JSQCoreDataKit" */;
			compatibilityVersion = "Xcode 3.2";
			developmentRegion = en;
			hasScannedForEncodings = 0;
			knownRegions = (
				en,
				Base,
			);
			mainGroup = 88002D451AB8F546001787DB;
			productRefGroup = 88002D501AB8F546001787DB /* Products */;
			projectDirPath = "";
			projectReferences = (
				{
					ProductGroup = 8873E2BC1C51E3B000DFE009 /* Products */;
					ProjectRef = 8873E2BB1C51E3B000DFE009 /* ExampleModel.xcodeproj */;
				},
			);
			projectRoot = "";
			targets = (
				88002D4E1AB8F546001787DB /* JSQCoreDataKit */,
				881219C21B361EAF005E5AA7 /* JSQCoreDataKit-Tests */,
			);
		};
/* End PBXProject section */

/* Begin PBXReferenceProxy section */
		8873E2C01C51E3B000DFE009 /* ExampleModel.framework */ = {
			isa = PBXReferenceProxy;
			fileType = wrapper.framework;
			path = ExampleModel.framework;
			remoteRef = 8873E2BF1C51E3B000DFE009 /* PBXContainerItemProxy */;
			sourceTree = BUILT_PRODUCTS_DIR;
		};
/* End PBXReferenceProxy section */

/* Begin PBXResourcesBuildPhase section */
		88002D4D1AB8F546001787DB /* Resources */ = {
			isa = PBXResourcesBuildPhase;
			buildActionMask = 2147483647;
			files = (
			);
			runOnlyForDeploymentPostprocessing = 0;
		};
		881219C11B361EAF005E5AA7 /* Resources */ = {
			isa = PBXResourcesBuildPhase;
			buildActionMask = 2147483647;
			files = (
			);
			runOnlyForDeploymentPostprocessing = 0;
		};
/* End PBXResourcesBuildPhase section */

/* Begin PBXShellScriptBuildPhase section */
		882986082006938A008DD41B /* SwiftLint */ = {
			isa = PBXShellScriptBuildPhase;
			buildActionMask = 2147483647;
			files = (
			);
			inputPaths = (
			);
			name = SwiftLint;
			outputPaths = (
			);
			runOnlyForDeploymentPostprocessing = 0;
			shellPath = /bin/sh;
			shellScript = "\"${SRCROOT}/scripts/lint.sh\"\n";
		};
/* End PBXShellScriptBuildPhase section */

/* Begin PBXSourcesBuildPhase section */
		88002D4A1AB8F546001787DB /* Sources */ = {
			isa = PBXSourcesBuildPhase;
			buildActionMask = 2147483647;
			files = (
				8873E22C1C51E09700DFE009 /* CoreDataStackProvider.swift in Sources */,
				8852A0CD1D459048006538B9 /* CoreDataEntityProtocol.swift in Sources */,
				8873E2301C51E09700DFE009 /* StoreType.swift in Sources */,
				8873E22B1C51E09700DFE009 /* CoreDataStack.swift in Sources */,
				298F00F71C9C559100AEC77E /* Migrate.swift in Sources */,
				8873E2291C51E09700DFE009 /* CoreDataModel.swift in Sources */,
				8873E2281C51E09700DFE009 /* NSManagedObjectContext+Extensions.swift in Sources */,
			);
			runOnlyForDeploymentPostprocessing = 0;
		};
		881219BF1B361EAF005E5AA7 /* Sources */ = {
			isa = PBXSourcesBuildPhase;
			buildActionMask = 2147483647;
			files = (
				8873E2651C51E10100DFE009 /* SaveTests.swift in Sources */,
				8852A0D21D459249006538B9 /* CoreDataEntityProtocolTests.swift in Sources */,
				8873E2661C51E10100DFE009 /* StackFactoryTests.swift in Sources */,
				297C7D2D1C710A1D008E516B /* MigrationTests.swift in Sources */,
				8873E2631C51E10100DFE009 /* ResetStackTests.swift in Sources */,
				8873E2681C51E10100DFE009 /* StackTests.swift in Sources */,
				8873E26A1C51E10100DFE009 /* TestCase.swift in Sources */,
				8873E25E1C51E10100DFE009 /* ExampleModelTests.swift in Sources */,
				8873E2611C51E10100DFE009 /* ModelTests.swift in Sources */,
				8873E2691C51E10100DFE009 /* StoreTypeTests.swift in Sources */,
				8873E25C1C51E10100DFE009 /* ContextSyncTests.swift in Sources */,
			);
			runOnlyForDeploymentPostprocessing = 0;
		};
/* End PBXSourcesBuildPhase section */

/* Begin PBXTargetDependency section */
		292393AF1C6BC37E0025E6EF /* PBXTargetDependency */ = {
			isa = PBXTargetDependency;
			name = ExampleModel;
			targetProxy = 292393AE1C6BC37E0025E6EF /* PBXContainerItemProxy */;
		};
		881219CA1B361EAF005E5AA7 /* PBXTargetDependency */ = {
			isa = PBXTargetDependency;
			target = 88002D4E1AB8F546001787DB /* JSQCoreDataKit */;
			targetProxy = 881219C91B361EAF005E5AA7 /* PBXContainerItemProxy */;
		};
/* End PBXTargetDependency section */

/* Begin XCBuildConfiguration section */
		88002D631AB8F547001787DB /* Debug */ = {
			isa = XCBuildConfiguration;
			buildSettings = {
				ALWAYS_SEARCH_USER_PATHS = NO;
				CLANG_ANALYZER_LOCALIZABILITY_NONLOCALIZED = YES;
				CLANG_CXX_LANGUAGE_STANDARD = "gnu++0x";
				CLANG_CXX_LIBRARY = "libc++";
				CLANG_ENABLE_MODULES = YES;
				CLANG_ENABLE_OBJC_ARC = YES;
				CLANG_WARN_BLOCK_CAPTURE_AUTORELEASING = YES;
				CLANG_WARN_BOOL_CONVERSION = YES;
				CLANG_WARN_COMMA = YES;
				CLANG_WARN_CONSTANT_CONVERSION = YES;
				CLANG_WARN_DEPRECATED_OBJC_IMPLEMENTATIONS = YES;
				CLANG_WARN_DIRECT_OBJC_ISA_USAGE = YES_ERROR;
				CLANG_WARN_EMPTY_BODY = YES;
				CLANG_WARN_ENUM_CONVERSION = YES;
				CLANG_WARN_INFINITE_RECURSION = YES;
				CLANG_WARN_INT_CONVERSION = YES;
				CLANG_WARN_NON_LITERAL_NULL_CONVERSION = YES;
				CLANG_WARN_OBJC_IMPLICIT_RETAIN_SELF = YES;
				CLANG_WARN_OBJC_LITERAL_CONVERSION = YES;
				CLANG_WARN_OBJC_ROOT_CLASS = YES_ERROR;
				CLANG_WARN_RANGE_LOOP_ANALYSIS = YES;
				CLANG_WARN_STRICT_PROTOTYPES = YES;
				CLANG_WARN_SUSPICIOUS_MOVE = YES;
				CLANG_WARN_UNREACHABLE_CODE = YES;
				CLANG_WARN__DUPLICATE_METHOD_MATCH = YES;
				"CODE_SIGN_IDENTITY[sdk=iphoneos*]" = "iPhone Developer";
				COPY_PHASE_STRIP = NO;
				CURRENT_PROJECT_VERSION = 1;
				DEBUG_INFORMATION_FORMAT = "dwarf-with-dsym";
				ENABLE_STRICT_OBJC_MSGSEND = YES;
				ENABLE_TESTABILITY = YES;
				GCC_C_LANGUAGE_STANDARD = gnu99;
				GCC_DYNAMIC_NO_PIC = NO;
				GCC_NO_COMMON_BLOCKS = YES;
				GCC_OPTIMIZATION_LEVEL = 0;
				GCC_PREPROCESSOR_DEFINITIONS = (
					"DEBUG=1",
					"$(inherited)",
				);
				GCC_SYMBOLS_PRIVATE_EXTERN = NO;
				GCC_WARN_64_TO_32_BIT_CONVERSION = YES;
				GCC_WARN_ABOUT_RETURN_TYPE = YES_ERROR;
				GCC_WARN_UNDECLARED_SELECTOR = YES;
				GCC_WARN_UNINITIALIZED_AUTOS = YES_AGGRESSIVE;
				GCC_WARN_UNUSED_FUNCTION = YES;
				GCC_WARN_UNUSED_VARIABLE = YES;
				IPHONEOS_DEPLOYMENT_TARGET = 11.0;
				MACOSX_DEPLOYMENT_TARGET = 10.12;
				MTL_ENABLE_DEBUG_INFO = YES;
				ONLY_ACTIVE_ARCH = YES;
				PRODUCT_NAME = JSQCoreDataKit;
				RESOURCES_TARGETED_DEVICE_FAMILY = "";
				SDKROOT = iphoneos;
				SUPPORTED_PLATFORMS = "iphoneos appletvos watchos macosx iphonesimulator appletvsimulator watchsimulator";
				SWIFT_OPTIMIZATION_LEVEL = "-Onone";
				SWIFT_VERSION = 5.0;
				TARGETED_DEVICE_FAMILY = "1,2,3,4";
				TVOS_DEPLOYMENT_TARGET = 11.0;
				VERSIONING_SYSTEM = "apple-generic";
				VERSION_INFO_PREFIX = "";
				WATCHOS_DEPLOYMENT_TARGET = 4.0;
			};
			name = Debug;
		};
		88002D641AB8F547001787DB /* Release */ = {
			isa = XCBuildConfiguration;
			buildSettings = {
				ALWAYS_SEARCH_USER_PATHS = NO;
				CLANG_ANALYZER_LOCALIZABILITY_NONLOCALIZED = YES;
				CLANG_CXX_LANGUAGE_STANDARD = "gnu++0x";
				CLANG_CXX_LIBRARY = "libc++";
				CLANG_ENABLE_MODULES = YES;
				CLANG_ENABLE_OBJC_ARC = YES;
				CLANG_WARN_BLOCK_CAPTURE_AUTORELEASING = YES;
				CLANG_WARN_BOOL_CONVERSION = YES;
				CLANG_WARN_COMMA = YES;
				CLANG_WARN_CONSTANT_CONVERSION = YES;
				CLANG_WARN_DEPRECATED_OBJC_IMPLEMENTATIONS = YES;
				CLANG_WARN_DIRECT_OBJC_ISA_USAGE = YES_ERROR;
				CLANG_WARN_EMPTY_BODY = YES;
				CLANG_WARN_ENUM_CONVERSION = YES;
				CLANG_WARN_INFINITE_RECURSION = YES;
				CLANG_WARN_INT_CONVERSION = YES;
				CLANG_WARN_NON_LITERAL_NULL_CONVERSION = YES;
				CLANG_WARN_OBJC_IMPLICIT_RETAIN_SELF = YES;
				CLANG_WARN_OBJC_LITERAL_CONVERSION = YES;
				CLANG_WARN_OBJC_ROOT_CLASS = YES_ERROR;
				CLANG_WARN_RANGE_LOOP_ANALYSIS = YES;
				CLANG_WARN_STRICT_PROTOTYPES = YES;
				CLANG_WARN_SUSPICIOUS_MOVE = YES;
				CLANG_WARN_UNREACHABLE_CODE = YES;
				CLANG_WARN__DUPLICATE_METHOD_MATCH = YES;
				"CODE_SIGN_IDENTITY[sdk=iphoneos*]" = "iPhone Developer";
				COPY_PHASE_STRIP = NO;
				CURRENT_PROJECT_VERSION = 1;
				DEBUG_INFORMATION_FORMAT = "dwarf-with-dsym";
				ENABLE_NS_ASSERTIONS = NO;
				ENABLE_STRICT_OBJC_MSGSEND = YES;
				GCC_C_LANGUAGE_STANDARD = gnu99;
				GCC_NO_COMMON_BLOCKS = YES;
				GCC_WARN_64_TO_32_BIT_CONVERSION = YES;
				GCC_WARN_ABOUT_RETURN_TYPE = YES_ERROR;
				GCC_WARN_UNDECLARED_SELECTOR = YES;
				GCC_WARN_UNINITIALIZED_AUTOS = YES_AGGRESSIVE;
				GCC_WARN_UNUSED_FUNCTION = YES;
				GCC_WARN_UNUSED_VARIABLE = YES;
				IPHONEOS_DEPLOYMENT_TARGET = 11.0;
				MACOSX_DEPLOYMENT_TARGET = 10.12;
				MTL_ENABLE_DEBUG_INFO = NO;
				PRODUCT_NAME = JSQCoreDataKit;
				RESOURCES_TARGETED_DEVICE_FAMILY = "";
				SDKROOT = iphoneos;
				SUPPORTED_PLATFORMS = "iphoneos appletvos watchos macosx iphonesimulator appletvsimulator watchsimulator";
				SWIFT_VERSION = 5.0;
				TARGETED_DEVICE_FAMILY = "1,2,3,4";
				TVOS_DEPLOYMENT_TARGET = 11.0;
				VALIDATE_PRODUCT = YES;
				VERSIONING_SYSTEM = "apple-generic";
				VERSION_INFO_PREFIX = "";
				WATCHOS_DEPLOYMENT_TARGET = 4.0;
			};
			name = Release;
		};
		88002D661AB8F547001787DB /* Debug */ = {
			isa = XCBuildConfiguration;
			buildSettings = {
				CLANG_ANALYZER_SECURITY_FLOATLOOPCOUNTER = YES;
				CLANG_ENABLE_MODULES = YES;
				CLANG_WARN_OBJC_IMPLICIT_RETAIN_SELF = YES;
				"CODE_SIGN_IDENTITY[sdk=iphoneos*]" = "";
				DEFINES_MODULE = YES;
				DEVELOPMENT_TEAM = "";
				DYLIB_COMPATIBILITY_VERSION = 1;
				DYLIB_CURRENT_VERSION = 1;
				DYLIB_INSTALL_NAME_BASE = "@rpath";
				FRAMEWORK_SEARCH_PATHS = "$(inherited)";
				GCC_GENERATE_TEST_COVERAGE_FILES = YES;
				GCC_TREAT_WARNINGS_AS_ERRORS = YES;
				GCC_WARN_ABOUT_MISSING_NEWLINE = YES;
				GCC_WARN_PEDANTIC = NO;
				INFOPLIST_FILE = Sources/Info.plist;
				INSTALL_PATH = "$(LOCAL_LIBRARY_DIR)/Frameworks";
				LD_RUNPATH_SEARCH_PATHS = "$(inherited) @executable_path/Frameworks @loader_path/Frameworks";
				MARKETING_VERSION = 9.0.1;
				PRODUCT_BUNDLE_IDENTIFIER = "com.hexedbits.$(PRODUCT_NAME:rfc1034identifier)";
				SKIP_INSTALL = YES;
				SWIFT_OPTIMIZATION_LEVEL = "-Onone";
				TARGETED_DEVICE_FAMILY = "1,2";
			};
			name = Debug;
		};
		88002D671AB8F547001787DB /* Release */ = {
			isa = XCBuildConfiguration;
			buildSettings = {
				CLANG_ANALYZER_SECURITY_FLOATLOOPCOUNTER = YES;
				CLANG_ENABLE_MODULES = YES;
				CLANG_WARN_OBJC_IMPLICIT_RETAIN_SELF = YES;
				"CODE_SIGN_IDENTITY[sdk=iphoneos*]" = "";
				DEFINES_MODULE = YES;
				DEVELOPMENT_TEAM = "";
				DYLIB_COMPATIBILITY_VERSION = 1;
				DYLIB_CURRENT_VERSION = 1;
				DYLIB_INSTALL_NAME_BASE = "@rpath";
				ENABLE_TESTABILITY = NO;
				FRAMEWORK_SEARCH_PATHS = "$(inherited)";
				GCC_GENERATE_TEST_COVERAGE_FILES = YES;
				GCC_TREAT_WARNINGS_AS_ERRORS = YES;
				GCC_WARN_ABOUT_MISSING_NEWLINE = YES;
				GCC_WARN_PEDANTIC = NO;
				INFOPLIST_FILE = Sources/Info.plist;
				INSTALL_PATH = "$(LOCAL_LIBRARY_DIR)/Frameworks";
				LD_RUNPATH_SEARCH_PATHS = "$(inherited) @executable_path/Frameworks @loader_path/Frameworks";
				MARKETING_VERSION = 9.0.1;
				PRODUCT_BUNDLE_IDENTIFIER = "com.hexedbits.$(PRODUCT_NAME:rfc1034identifier)";
				SKIP_INSTALL = YES;
				SWIFT_OPTIMIZATION_LEVEL = "-Owholemodule";
				TARGETED_DEVICE_FAMILY = "1,2";
			};
			name = Release;
		};
		881219CC1B361EAF005E5AA7 /* Debug */ = {
			isa = XCBuildConfiguration;
			buildSettings = {
				CLANG_ENABLE_MODULES = YES;
				"CODE_SIGN_IDENTITY[sdk=iphoneos*]" = "iPhone Developer";
				"CODE_SIGN_IDENTITY[sdk=macosx*]" = "-";
				DEBUG_INFORMATION_FORMAT = dwarf;
				DEVELOPMENT_TEAM = "";
				INFOPLIST_FILE = Tests/Info.plist;
				LD_RUNPATH_SEARCH_PATHS = "$(inherited) @executable_path/Frameworks @loader_path/Frameworks";
				PRODUCT_BUNDLE_IDENTIFIER = com.hexedbits.JSQCoreDataKitTests;
				PRODUCT_NAME = "$(TARGET_NAME)";
				SWIFT_OPTIMIZATION_LEVEL = "-Onone";
			};
			name = Debug;
		};
		881219CD1B361EAF005E5AA7 /* Release */ = {
			isa = XCBuildConfiguration;
			buildSettings = {
				CLANG_ENABLE_MODULES = YES;
				"CODE_SIGN_IDENTITY[sdk=iphoneos*]" = "iPhone Developer";
				"CODE_SIGN_IDENTITY[sdk=macosx*]" = "-";
				DEVELOPMENT_TEAM = "";
				INFOPLIST_FILE = Tests/Info.plist;
				LD_RUNPATH_SEARCH_PATHS = "$(inherited) @executable_path/Frameworks @loader_path/Frameworks";
				PRODUCT_BUNDLE_IDENTIFIER = com.hexedbits.JSQCoreDataKitTests;
				PRODUCT_NAME = "$(TARGET_NAME)";
				SWIFT_OPTIMIZATION_LEVEL = "-Owholemodule";
			};
			name = Release;
		};
/* End XCBuildConfiguration section */

/* Begin XCConfigurationList section */
		88002D491AB8F546001787DB /* Build configuration list for PBXProject "JSQCoreDataKit" */ = {
			isa = XCConfigurationList;
			buildConfigurations = (
				88002D631AB8F547001787DB /* Debug */,
				88002D641AB8F547001787DB /* Release */,
			);
			defaultConfigurationIsVisible = 0;
			defaultConfigurationName = Release;
		};
		88002D651AB8F547001787DB /* Build configuration list for PBXNativeTarget "JSQCoreDataKit" */ = {
			isa = XCConfigurationList;
			buildConfigurations = (
				88002D661AB8F547001787DB /* Debug */,
				88002D671AB8F547001787DB /* Release */,
			);
			defaultConfigurationIsVisible = 0;
			defaultConfigurationName = Release;
		};
		881219CB1B361EAF005E5AA7 /* Build configuration list for PBXNativeTarget "JSQCoreDataKit-Tests" */ = {
			isa = XCConfigurationList;
			buildConfigurations = (
				881219CC1B361EAF005E5AA7 /* Debug */,
				881219CD1B361EAF005E5AA7 /* Release */,
			);
			defaultConfigurationIsVisible = 0;
			defaultConfigurationName = Release;
		};
/* End XCConfigurationList section */
	};
	rootObject = 88002D461AB8F546001787DB /* Project object */;
}
